// !$*UTF8*$!
{
	archiveVersion = 1;
	classes = {
	};
	objectVersion = 70;
	objects = {

/* Begin PBXBuildFile section */
		B30D93472D99A9690087082B /* EssentialFeedFramework.framework in Frameworks */ = {isa = PBXBuildFile; fileRef = B35BC9EF2CDE40A800105FF1 /* EssentialFeedFramework.framework */; };
		B31D5F1A2D99AE1C00102488 /* XCTestCase+MemoryLeakTracking.swift in Sources */ = {isa = PBXBuildFile; fileRef = B3920CF02C99C6370059A54E /* XCTestCase+MemoryLeakTracking.swift */; };
		B31D5F1D2D99B4F200102488 /* FeedCacheTestHelpers.swift in Sources */ = {isa = PBXBuildFile; fileRef = B35BC9402CD4240200105FF1 /* FeedCacheTestHelpers.swift */; };
		B31D5F1E2D99B50500102488 /* SharedTestHelpers.swift in Sources */ = {isa = PBXBuildFile; fileRef = B35BC9422CD424C300105FF1 /* SharedTestHelpers.swift */; };
		B320A9F62CCA7A97006874F1 /* CacheFeedUseCaseTests.swift in Sources */ = {isa = PBXBuildFile; fileRef = B320A9F52CCA7A97006874F1 /* CacheFeedUseCaseTests.swift */; };
		B32A12772CE4B69600770496 /* FeedStoreSpecs.swift in Sources */ = {isa = PBXBuildFile; fileRef = B32A12762CE4B69600770496 /* FeedStoreSpecs.swift */; };
		B32A12792CE4B75100770496 /* XCTestCase+FeedStoreSpecs.swift in Sources */ = {isa = PBXBuildFile; fileRef = B32A12782CE4B75100770496 /* XCTestCase+FeedStoreSpecs.swift */; };
		B32A12A52CE762C600770496 /* XCTestCase+FailableRetrieveFeedStoreSpecs.swift in Sources */ = {isa = PBXBuildFile; fileRef = B32A12A42CE762C600770496 /* XCTestCase+FailableRetrieveFeedStoreSpecs.swift */; };
		B32A12A72CE8BFB300770496 /* XCTestCase+FailableInsertFeedStoreSpecs.swift in Sources */ = {isa = PBXBuildFile; fileRef = B32A12A62CE8BFB300770496 /* XCTestCase+FailableInsertFeedStoreSpecs.swift */; };
		B32A12A92CE8C22700770496 /* XCTestCase+FailableDeleteFeedStoreSpecs.swift in Sources */ = {isa = PBXBuildFile; fileRef = B32A12A82CE8C22700770496 /* XCTestCase+FailableDeleteFeedStoreSpecs.swift */; };
		B32A12AC2CE8E2C400770496 /* CoreDataFeedStoreTests.swift in Sources */ = {isa = PBXBuildFile; fileRef = B32A12AB2CE8E2C400770496 /* CoreDataFeedStoreTests.swift */; };
		B332D8382C85D203004B38D1 /* URLSessionHTTPClientTests.swift in Sources */ = {isa = PBXBuildFile; fileRef = B332D8372C85D203004B38D1 /* URLSessionHTTPClientTests.swift */; };
		B34D68A32C5663F6009232D2 /* EssentialFeedTests.swift in Sources */ = {isa = PBXBuildFile; fileRef = B34D68A22C5663F6009232D2 /* EssentialFeedTests.swift */; };
		B34D68AD2C5663F6009232D2 /* EssentialFeedUITests.swift in Sources */ = {isa = PBXBuildFile; fileRef = B34D68AC2C5663F6009232D2 /* EssentialFeedUITests.swift */; };
		B34D68AF2C5663F6009232D2 /* EssentialFeedUITestsLaunchTests.swift in Sources */ = {isa = PBXBuildFile; fileRef = B34D68AE2C5663F6009232D2 /* EssentialFeedUITestsLaunchTests.swift */; };
		B35BC9382CD3B84100105FF1 /* LoadFeedFromCacheUseCaseTests.swift in Sources */ = {isa = PBXBuildFile; fileRef = B35BC9372CD3B84100105FF1 /* LoadFeedFromCacheUseCaseTests.swift */; };
		B35BC93B2CD3BA3B00105FF1 /* FeedStoreSpy.swift in Sources */ = {isa = PBXBuildFile; fileRef = B35BC93A2CD3BA3B00105FF1 /* FeedStoreSpy.swift */; };
		B35BC93D2CD41EB700105FF1 /* ValidateFeedCacheUseCaseTests.swift in Sources */ = {isa = PBXBuildFile; fileRef = B35BC93C2CD41EB700105FF1 /* ValidateFeedCacheUseCaseTests.swift */; };
		B35BC9412CD4240200105FF1 /* FeedCacheTestHelpers.swift in Sources */ = {isa = PBXBuildFile; fileRef = B35BC9402CD4240200105FF1 /* FeedCacheTestHelpers.swift */; };
		B35BC9432CD424C300105FF1 /* SharedTestHelpers.swift in Sources */ = {isa = PBXBuildFile; fileRef = B35BC9422CD424C300105FF1 /* SharedTestHelpers.swift */; };
		B35BC9442CD424C300105FF1 /* SharedTestHelpers.swift in Sources */ = {isa = PBXBuildFile; fileRef = B35BC9422CD424C300105FF1 /* SharedTestHelpers.swift */; };
		B35BCA6D2CDE448A00105FF1 /* EssentialFeedFramework.framework in Frameworks */ = {isa = PBXBuildFile; fileRef = B35BC9EF2CDE40A800105FF1 /* EssentialFeedFramework.framework */; };
		B35BCA6E2CDE45AF00105FF1 /* EssentialFeedFramework.framework in Frameworks */ = {isa = PBXBuildFile; fileRef = B35BC9EF2CDE40A800105FF1 /* EssentialFeedFramework.framework */; };
		B3920CF12C99C6370059A54E /* XCTestCase+MemoryLeakTracking.swift in Sources */ = {isa = PBXBuildFile; fileRef = B3920CF02C99C6370059A54E /* XCTestCase+MemoryLeakTracking.swift */; };
		B3920D0F2C9DDFE00059A54E /* EssentialFeedAPIEndToEndTests.swift in Sources */ = {isa = PBXBuildFile; fileRef = B3920D0E2C9DDFE00059A54E /* EssentialFeedAPIEndToEndTests.swift */; };
		B3920D112C9F37250059A54E /* XCTestCase+MemoryLeakTracking.swift in Sources */ = {isa = PBXBuildFile; fileRef = B3920CF02C99C6370059A54E /* XCTestCase+MemoryLeakTracking.swift */; };
		B3A4F3B12DA050BD00FA35DC /* EssentialFeediOS.framework in Frameworks */ = {isa = PBXBuildFile; fileRef = B3A4F3A72DA050BC00FA35DC /* EssentialFeediOS.framework */; };
		B3EFC7B82C62459E002FE031 /* LoadFeedFromRemoteUseCaseTests.swift in Sources */ = {isa = PBXBuildFile; fileRef = B3EFC7B72C62459E002FE031 /* LoadFeedFromRemoteUseCaseTests.swift */; };
/* End PBXBuildFile section */

/* Begin PBXContainerItemProxy section */
		B30D93482D99A9690087082B /* PBXContainerItemProxy */ = {
			isa = PBXContainerItemProxy;
			containerPortal = B34D68852C5663F5009232D2 /* Project object */;
			proxyType = 1;
			remoteGlobalIDString = B35BC9EE2CDE40A800105FF1;
			remoteInfo = EssentialFeedFramework;
		};
		B3A4F3B22DA050BD00FA35DC /* PBXContainerItemProxy */ = {
			isa = PBXContainerItemProxy;
			containerPortal = B34D68852C5663F5009232D2 /* Project object */;
			proxyType = 1;
			remoteGlobalIDString = B3A4F3A62DA050BC00FA35DC;
			remoteInfo = EssentialFeediOS;
		};
/* End PBXContainerItemProxy section */

/* Begin PBXFileReference section */
		B30D93432D99A9690087082B /* EssentialFeedCacheIntegrationTests.xctest */ = {isa = PBXFileReference; explicitFileType = wrapper.cfbundle; includeInIndex = 0; path = EssentialFeedCacheIntegrationTests.xctest; sourceTree = BUILT_PRODUCTS_DIR; };
		B320A9F52CCA7A97006874F1 /* CacheFeedUseCaseTests.swift */ = {isa = PBXFileReference; lastKnownFileType = sourcecode.swift; path = CacheFeedUseCaseTests.swift; sourceTree = "<group>"; };
		B32A12762CE4B69600770496 /* FeedStoreSpecs.swift */ = {isa = PBXFileReference; lastKnownFileType = sourcecode.swift; path = FeedStoreSpecs.swift; sourceTree = "<group>"; };
		B32A12782CE4B75100770496 /* XCTestCase+FeedStoreSpecs.swift */ = {isa = PBXFileReference; lastKnownFileType = sourcecode.swift; path = "XCTestCase+FeedStoreSpecs.swift"; sourceTree = "<group>"; };
		B32A12A42CE762C600770496 /* XCTestCase+FailableRetrieveFeedStoreSpecs.swift */ = {isa = PBXFileReference; lastKnownFileType = sourcecode.swift; path = "XCTestCase+FailableRetrieveFeedStoreSpecs.swift"; sourceTree = "<group>"; };
		B32A12A62CE8BFB300770496 /* XCTestCase+FailableInsertFeedStoreSpecs.swift */ = {isa = PBXFileReference; lastKnownFileType = sourcecode.swift; path = "XCTestCase+FailableInsertFeedStoreSpecs.swift"; sourceTree = "<group>"; };
		B32A12A82CE8C22700770496 /* XCTestCase+FailableDeleteFeedStoreSpecs.swift */ = {isa = PBXFileReference; lastKnownFileType = sourcecode.swift; path = "XCTestCase+FailableDeleteFeedStoreSpecs.swift"; sourceTree = "<group>"; };
		B32A12AB2CE8E2C400770496 /* CoreDataFeedStoreTests.swift */ = {isa = PBXFileReference; lastKnownFileType = sourcecode.swift; path = CoreDataFeedStoreTests.swift; sourceTree = "<group>"; };
		B332D8372C85D203004B38D1 /* URLSessionHTTPClientTests.swift */ = {isa = PBXFileReference; lastKnownFileType = sourcecode.swift; path = URLSessionHTTPClientTests.swift; sourceTree = "<group>"; };
		B34D689E2C5663F6009232D2 /* EssentialFeedTests.xctest */ = {isa = PBXFileReference; explicitFileType = wrapper.cfbundle; includeInIndex = 0; path = EssentialFeedTests.xctest; sourceTree = BUILT_PRODUCTS_DIR; };
		B34D68A22C5663F6009232D2 /* EssentialFeedTests.swift */ = {isa = PBXFileReference; lastKnownFileType = sourcecode.swift; path = EssentialFeedTests.swift; sourceTree = "<group>"; };
		B34D68A82C5663F6009232D2 /* EssentialFeedUITests.xctest */ = {isa = PBXFileReference; explicitFileType = wrapper.cfbundle; includeInIndex = 0; path = EssentialFeedUITests.xctest; sourceTree = BUILT_PRODUCTS_DIR; };
		B34D68AC2C5663F6009232D2 /* EssentialFeedUITests.swift */ = {isa = PBXFileReference; lastKnownFileType = sourcecode.swift; path = EssentialFeedUITests.swift; sourceTree = "<group>"; };
		B34D68AE2C5663F6009232D2 /* EssentialFeedUITestsLaunchTests.swift */ = {isa = PBXFileReference; lastKnownFileType = sourcecode.swift; path = EssentialFeedUITestsLaunchTests.swift; sourceTree = "<group>"; };
		B34D68BD2C5664E4009232D2 /* Unit Tests.xctestplan */ = {isa = PBXFileReference; fileEncoding = 4; lastKnownFileType = text; name = "Unit Tests.xctestplan"; path = "EssentialFeedTestPlans/Unit Tests.xctestplan"; sourceTree = SOURCE_ROOT; };
		B34D68BF2C5664F5009232D2 /* Performance Tests.xctestplan */ = {isa = PBXFileReference; lastKnownFileType = text; name = "Performance Tests.xctestplan"; path = "EssentialFeedTestPlans/Performance Tests.xctestplan"; sourceTree = SOURCE_ROOT; };
		B35BC9372CD3B84100105FF1 /* LoadFeedFromCacheUseCaseTests.swift */ = {isa = PBXFileReference; lastKnownFileType = sourcecode.swift; path = LoadFeedFromCacheUseCaseTests.swift; sourceTree = "<group>"; };
		B35BC93A2CD3BA3B00105FF1 /* FeedStoreSpy.swift */ = {isa = PBXFileReference; lastKnownFileType = sourcecode.swift; path = FeedStoreSpy.swift; sourceTree = "<group>"; };
		B35BC93C2CD41EB700105FF1 /* ValidateFeedCacheUseCaseTests.swift */ = {isa = PBXFileReference; lastKnownFileType = sourcecode.swift; path = ValidateFeedCacheUseCaseTests.swift; sourceTree = "<group>"; };
		B35BC9402CD4240200105FF1 /* FeedCacheTestHelpers.swift */ = {isa = PBXFileReference; lastKnownFileType = sourcecode.swift; path = FeedCacheTestHelpers.swift; sourceTree = "<group>"; };
		B35BC9422CD424C300105FF1 /* SharedTestHelpers.swift */ = {isa = PBXFileReference; lastKnownFileType = sourcecode.swift; path = SharedTestHelpers.swift; sourceTree = "<group>"; };
		B35BC9EF2CDE40A800105FF1 /* EssentialFeedFramework.framework */ = {isa = PBXFileReference; explicitFileType = wrapper.framework; includeInIndex = 0; path = EssentialFeedFramework.framework; sourceTree = BUILT_PRODUCTS_DIR; };
		B3920CF02C99C6370059A54E /* XCTestCase+MemoryLeakTracking.swift */ = {isa = PBXFileReference; lastKnownFileType = sourcecode.swift; path = "XCTestCase+MemoryLeakTracking.swift"; sourceTree = "<group>"; };
		B3920CF92C9DBD320059A54E /* EssentialFeedAPIEndToEndTests.xctest */ = {isa = PBXFileReference; explicitFileType = wrapper.cfbundle; includeInIndex = 0; path = EssentialFeedAPIEndToEndTests.xctest; sourceTree = BUILT_PRODUCTS_DIR; };
		B3920D092C9DDA380059A54E /* EssentialFeedAPIEndToEndTests.xctestplan */ = {isa = PBXFileReference; lastKnownFileType = text; path = EssentialFeedAPIEndToEndTests.xctestplan; sourceTree = "<group>"; };
		B3920D0E2C9DDFE00059A54E /* EssentialFeedAPIEndToEndTests.swift */ = {isa = PBXFileReference; lastKnownFileType = sourcecode.swift; path = EssentialFeedAPIEndToEndTests.swift; sourceTree = "<group>"; };
		B3920D202C9F39FC0059A54E /* CI.xctestplan */ = {isa = PBXFileReference; lastKnownFileType = text; path = CI.xctestplan; sourceTree = "<group>"; };
		B3A4F3A72DA050BC00FA35DC /* EssentialFeediOS.framework */ = {isa = PBXFileReference; explicitFileType = wrapper.framework; includeInIndex = 0; path = EssentialFeediOS.framework; sourceTree = BUILT_PRODUCTS_DIR; };
		B3A4F3B02DA050BD00FA35DC /* EssentialFeediOSTests.xctest */ = {isa = PBXFileReference; explicitFileType = wrapper.cfbundle; includeInIndex = 0; path = EssentialFeediOSTests.xctest; sourceTree = BUILT_PRODUCTS_DIR; };
		B3A4F3BF2DA0527F00FA35DC /* EssentialFeediOS.xctestplan */ = {isa = PBXFileReference; lastKnownFileType = text; path = EssentialFeediOS.xctestplan; sourceTree = "<group>"; };
		B3A4F3C02DA0550000FA35DC /* CI_iOS.xctestplan */ = {isa = PBXFileReference; lastKnownFileType = text; path = CI_iOS.xctestplan; sourceTree = "<group>"; };
		B3EFC7B72C62459E002FE031 /* LoadFeedFromRemoteUseCaseTests.swift */ = {isa = PBXFileReference; lastKnownFileType = sourcecode.swift; path = LoadFeedFromRemoteUseCaseTests.swift; sourceTree = "<group>"; };
/* End PBXFileReference section */

/* Begin PBXFileSystemSynchronizedBuildFileExceptionSet section */
		B32A12B32CE918BF00770496 /* PBXFileSystemSynchronizedBuildFileExceptionSet */ = {
			isa = PBXFileSystemSynchronizedBuildFileExceptionSet;
			membershipExceptions = (
				"EssentialFeed/Feed Cache/Infrastructure/CoreData/FeedStore.xcdatamodeld",
			);
			target = B34D689D2C5663F6009232D2 /* EssentialFeedTests */;
		};
		B3A4F3B82DA050BD00FA35DC /* PBXFileSystemSynchronizedBuildFileExceptionSet */ = {
			isa = PBXFileSystemSynchronizedBuildFileExceptionSet;
			publicHeaders = (
				EssentialFeediOS.h,
			);
			target = B3A4F3A62DA050BC00FA35DC /* EssentialFeediOS */;
		};
/* End PBXFileSystemSynchronizedBuildFileExceptionSet section */

/* Begin PBXFileSystemSynchronizedRootGroup section */
		B30D93442D99A9690087082B /* EssentialFeedCacheIntegrationTests */ = {isa = PBXFileSystemSynchronizedRootGroup; explicitFileTypes = {}; explicitFolders = (); path = EssentialFeedCacheIntegrationTests; sourceTree = "<group>"; };
		B35BC9F02CDE40A800105FF1 /* EssentialFeedFramework */ = {isa = PBXFileSystemSynchronizedRootGroup; exceptions = (B32A12B32CE918BF00770496 /* PBXFileSystemSynchronizedBuildFileExceptionSet */, ); explicitFileTypes = {}; explicitFolders = (); path = EssentialFeedFramework; sourceTree = "<group>"; };
		B3A4F3A82DA050BD00FA35DC /* EssentialFeediOS */ = {isa = PBXFileSystemSynchronizedRootGroup; exceptions = (B3A4F3B82DA050BD00FA35DC /* PBXFileSystemSynchronizedBuildFileExceptionSet */, ); explicitFileTypes = {}; explicitFolders = (); path = EssentialFeediOS; sourceTree = "<group>"; };
		B3A4F3B42DA050BD00FA35DC /* EssentialFeediOSTests */ = {isa = PBXFileSystemSynchronizedRootGroup; explicitFileTypes = {}; explicitFolders = (); path = EssentialFeediOSTests; sourceTree = "<group>"; };
/* End PBXFileSystemSynchronizedRootGroup section */

/* Begin PBXFrameworksBuildPhase section */
		B30D93402D99A9690087082B /* Frameworks */ = {
			isa = PBXFrameworksBuildPhase;
			buildActionMask = 2147483647;
			files = (
				B30D93472D99A9690087082B /* EssentialFeedFramework.framework in Frameworks */,
			);
			runOnlyForDeploymentPostprocessing = 0;
		};
		B34D689B2C5663F6009232D2 /* Frameworks */ = {
			isa = PBXFrameworksBuildPhase;
			buildActionMask = 2147483647;
			files = (
				B35BCA6D2CDE448A00105FF1 /* EssentialFeedFramework.framework in Frameworks */,
			);
			runOnlyForDeploymentPostprocessing = 0;
		};
		B34D68A52C5663F6009232D2 /* Frameworks */ = {
			isa = PBXFrameworksBuildPhase;
			buildActionMask = 2147483647;
			files = (
			);
			runOnlyForDeploymentPostprocessing = 0;
		};
		B35BC9EC2CDE40A800105FF1 /* Frameworks */ = {
			isa = PBXFrameworksBuildPhase;
			buildActionMask = 2147483647;
			files = (
			);
			runOnlyForDeploymentPostprocessing = 0;
		};
		B3920CF62C9DBD320059A54E /* Frameworks */ = {
			isa = PBXFrameworksBuildPhase;
			buildActionMask = 2147483647;
			files = (
				B35BCA6E2CDE45AF00105FF1 /* EssentialFeedFramework.framework in Frameworks */,
			);
			runOnlyForDeploymentPostprocessing = 0;
		};
		B3A4F3A42DA050BC00FA35DC /* Frameworks */ = {
			isa = PBXFrameworksBuildPhase;
			buildActionMask = 2147483647;
			files = (
			);
			runOnlyForDeploymentPostprocessing = 0;
		};
		B3A4F3AD2DA050BD00FA35DC /* Frameworks */ = {
			isa = PBXFrameworksBuildPhase;
			buildActionMask = 2147483647;
			files = (
				B3A4F3B12DA050BD00FA35DC /* EssentialFeediOS.framework in Frameworks */,
			);
			runOnlyForDeploymentPostprocessing = 0;
		};
/* End PBXFrameworksBuildPhase section */

/* Begin PBXGroup section */
		B320A9F42CCA7A73006874F1 /* Feed Cache */ = {
			isa = PBXGroup;
			children = (
				B35BC9392CD3BA1900105FF1 /* Helpers */,
				B32A12AA2CE8C40400770496 /* FeedStoreSpecs */,
				B320A9F52CCA7A97006874F1 /* CacheFeedUseCaseTests.swift */,
				B35BC9372CD3B84100105FF1 /* LoadFeedFromCacheUseCaseTests.swift */,
				B35BC93C2CD41EB700105FF1 /* ValidateFeedCacheUseCaseTests.swift */,
				B32A12AB2CE8E2C400770496 /* CoreDataFeedStoreTests.swift */,
			);
			path = "Feed Cache";
			sourceTree = "<group>";
		};
		B32A12AA2CE8C40400770496 /* FeedStoreSpecs */ = {
			isa = PBXGroup;
			children = (
				B32A12762CE4B69600770496 /* FeedStoreSpecs.swift */,
				B32A12782CE4B75100770496 /* XCTestCase+FeedStoreSpecs.swift */,
				B32A12A42CE762C600770496 /* XCTestCase+FailableRetrieveFeedStoreSpecs.swift */,
				B32A12A62CE8BFB300770496 /* XCTestCase+FailableInsertFeedStoreSpecs.swift */,
				B32A12A82CE8C22700770496 /* XCTestCase+FailableDeleteFeedStoreSpecs.swift */,
			);
			path = FeedStoreSpecs;
			sourceTree = "<group>";
		};
		B332D8362C82023D004B38D1 /* Feed API */ = {
			isa = PBXGroup;
			children = (
				B3EFC7B72C62459E002FE031 /* LoadFeedFromRemoteUseCaseTests.swift */,
				B332D8372C85D203004B38D1 /* URLSessionHTTPClientTests.swift */,
			);
			path = "Feed API";
			sourceTree = "<group>";
		};
		B34D68842C5663F5009232D2 = {
			isa = PBXGroup;
			children = (
				B3A4F3C02DA0550000FA35DC /* CI_iOS.xctestplan */,
				B3A4F3BF2DA0527F00FA35DC /* EssentialFeediOS.xctestplan */,
				B35BC9F02CDE40A800105FF1 /* EssentialFeedFramework */,
				B34D68C52C59105C009232D2 /* EssentialFeedTestPlans */,
				B34D68A12C5663F6009232D2 /* EssentialFeedTests */,
				B3920D0D2C9DDF180059A54E /* EssentialFeedAPIEndToEndTests */,
				B34D68AB2C5663F6009232D2 /* EssentialFeedUITests */,
				B30D93442D99A9690087082B /* EssentialFeedCacheIntegrationTests */,
				B3A4F3A82DA050BD00FA35DC /* EssentialFeediOS */,
				B3A4F3B42DA050BD00FA35DC /* EssentialFeediOSTests */,
				B35BCA6C2CDE448A00105FF1 /* Frameworks */,
				B34D688E2C5663F5009232D2 /* Products */,
			);
			sourceTree = "<group>";
		};
		B34D688E2C5663F5009232D2 /* Products */ = {
			isa = PBXGroup;
			children = (
				B34D689E2C5663F6009232D2 /* EssentialFeedTests.xctest */,
				B34D68A82C5663F6009232D2 /* EssentialFeedUITests.xctest */,
				B3920CF92C9DBD320059A54E /* EssentialFeedAPIEndToEndTests.xctest */,
				B35BC9EF2CDE40A800105FF1 /* EssentialFeedFramework.framework */,
				B30D93432D99A9690087082B /* EssentialFeedCacheIntegrationTests.xctest */,
				B3A4F3A72DA050BC00FA35DC /* EssentialFeediOS.framework */,
				B3A4F3B02DA050BD00FA35DC /* EssentialFeediOSTests.xctest */,
			);
			name = Products;
			sourceTree = "<group>";
		};
		B34D68A12C5663F6009232D2 /* EssentialFeedTests */ = {
			isa = PBXGroup;
			children = (
				B3920CEF2C99C5FB0059A54E /* Helpers */,
				B320A9F42CCA7A73006874F1 /* Feed Cache */,
				B332D8362C82023D004B38D1 /* Feed API */,
				B34D68A22C5663F6009232D2 /* EssentialFeedTests.swift */,
			);
			path = EssentialFeedTests;
			sourceTree = "<group>";
		};
		B34D68AB2C5663F6009232D2 /* EssentialFeedUITests */ = {
			isa = PBXGroup;
			children = (
				B34D68AC2C5663F6009232D2 /* EssentialFeedUITests.swift */,
				B34D68AE2C5663F6009232D2 /* EssentialFeedUITestsLaunchTests.swift */,
			);
			path = EssentialFeedUITests;
			sourceTree = "<group>";
		};
		B34D68C52C59105C009232D2 /* EssentialFeedTestPlans */ = {
			isa = PBXGroup;
			children = (
				B34D68BD2C5664E4009232D2 /* Unit Tests.xctestplan */,
				B3920D092C9DDA380059A54E /* EssentialFeedAPIEndToEndTests.xctestplan */,
				B34D68BF2C5664F5009232D2 /* Performance Tests.xctestplan */,
				B3920D202C9F39FC0059A54E /* CI.xctestplan */,
			);
			path = EssentialFeedTestPlans;
			sourceTree = "<group>";
		};
		B35BC9392CD3BA1900105FF1 /* Helpers */ = {
			isa = PBXGroup;
			children = (
				B35BC93A2CD3BA3B00105FF1 /* FeedStoreSpy.swift */,
				B35BC9402CD4240200105FF1 /* FeedCacheTestHelpers.swift */,
			);
			path = Helpers;
			sourceTree = "<group>";
		};
		B35BCA6C2CDE448A00105FF1 /* Frameworks */ = {
			isa = PBXGroup;
			children = (
			);
			name = Frameworks;
			sourceTree = "<group>";
		};
		B3920CEF2C99C5FB0059A54E /* Helpers */ = {
			isa = PBXGroup;
			children = (
				B3920CF02C99C6370059A54E /* XCTestCase+MemoryLeakTracking.swift */,
				B35BC9422CD424C300105FF1 /* SharedTestHelpers.swift */,
			);
			path = Helpers;
			sourceTree = "<group>";
		};
		B3920D0D2C9DDF180059A54E /* EssentialFeedAPIEndToEndTests */ = {
			isa = PBXGroup;
			children = (
				B3920D0E2C9DDFE00059A54E /* EssentialFeedAPIEndToEndTests.swift */,
			);
			path = EssentialFeedAPIEndToEndTests;
			sourceTree = "<group>";
		};
/* End PBXGroup section */

/* Begin PBXHeadersBuildPhase section */
		B35BC9EA2CDE40A800105FF1 /* Headers */ = {
			isa = PBXHeadersBuildPhase;
			buildActionMask = 2147483647;
			files = (
			);
			runOnlyForDeploymentPostprocessing = 0;
		};
		B3A4F3A22DA050BC00FA35DC /* Headers */ = {
			isa = PBXHeadersBuildPhase;
			buildActionMask = 2147483647;
			files = (
			);
			runOnlyForDeploymentPostprocessing = 0;
		};
/* End PBXHeadersBuildPhase section */

/* Begin PBXNativeTarget section */
		B30D93422D99A9690087082B /* EssentialFeedCacheIntegrationTests */ = {
			isa = PBXNativeTarget;
			buildConfigurationList = B30D934C2D99A9690087082B /* Build configuration list for PBXNativeTarget "EssentialFeedCacheIntegrationTests" */;
			buildPhases = (
				B30D933F2D99A9690087082B /* Sources */,
				B30D93402D99A9690087082B /* Frameworks */,
				B30D93412D99A9690087082B /* Resources */,
			);
			buildRules = (
			);
			dependencies = (
				B30D93492D99A9690087082B /* PBXTargetDependency */,
			);
			fileSystemSynchronizedGroups = (
				B30D93442D99A9690087082B /* EssentialFeedCacheIntegrationTests */,
			);
			name = EssentialFeedCacheIntegrationTests;
			packageProductDependencies = (
			);
			productName = EssentialFeedIntegrationTests;
			productReference = B30D93432D99A9690087082B /* EssentialFeedCacheIntegrationTests.xctest */;
			productType = "com.apple.product-type.bundle.unit-test";
		};
		B34D689D2C5663F6009232D2 /* EssentialFeedTests */ = {
			isa = PBXNativeTarget;
			buildConfigurationList = B34D68B52C5663F6009232D2 /* Build configuration list for PBXNativeTarget "EssentialFeedTests" */;
			buildPhases = (
				B34D689A2C5663F6009232D2 /* Sources */,
				B34D689B2C5663F6009232D2 /* Frameworks */,
				B34D689C2C5663F6009232D2 /* Resources */,
			);
			buildRules = (
			);
			dependencies = (
			);
			name = EssentialFeedTests;
			productName = EssentialFeedTests;
			productReference = B34D689E2C5663F6009232D2 /* EssentialFeedTests.xctest */;
			productType = "com.apple.product-type.bundle.unit-test";
		};
		B34D68A72C5663F6009232D2 /* EssentialFeedUITests */ = {
			isa = PBXNativeTarget;
			buildConfigurationList = B34D68B82C5663F6009232D2 /* Build configuration list for PBXNativeTarget "EssentialFeedUITests" */;
			buildPhases = (
				B34D68A42C5663F6009232D2 /* Sources */,
				B34D68A52C5663F6009232D2 /* Frameworks */,
				B34D68A62C5663F6009232D2 /* Resources */,
			);
			buildRules = (
			);
			dependencies = (
			);
			name = EssentialFeedUITests;
			productName = EssentialFeedUITests;
			productReference = B34D68A82C5663F6009232D2 /* EssentialFeedUITests.xctest */;
			productType = "com.apple.product-type.bundle.ui-testing";
		};
		B35BC9EE2CDE40A800105FF1 /* EssentialFeedFramework */ = {
			isa = PBXNativeTarget;
			buildConfigurationList = B35BCA0C2CDE40A900105FF1 /* Build configuration list for PBXNativeTarget "EssentialFeedFramework" */;
			buildPhases = (
				B35BC9EA2CDE40A800105FF1 /* Headers */,
				B35BC9EB2CDE40A800105FF1 /* Sources */,
				B35BC9EC2CDE40A800105FF1 /* Frameworks */,
				B35BC9ED2CDE40A800105FF1 /* Resources */,
			);
			buildRules = (
			);
			dependencies = (
			);
			fileSystemSynchronizedGroups = (
				B35BC9F02CDE40A800105FF1 /* EssentialFeedFramework */,
			);
			name = EssentialFeedFramework;
			packageProductDependencies = (
			);
			productName = EssentialFeedFramework;
			productReference = B35BC9EF2CDE40A800105FF1 /* EssentialFeedFramework.framework */;
			productType = "com.apple.product-type.framework";
		};
		B3920CF82C9DBD320059A54E /* EssentialFeedAPIEndToEndTests */ = {
			isa = PBXNativeTarget;
			buildConfigurationList = B3920CFF2C9DBD320059A54E /* Build configuration list for PBXNativeTarget "EssentialFeedAPIEndToEndTests" */;
			buildPhases = (
				B3920CF52C9DBD320059A54E /* Sources */,
				B3920CF62C9DBD320059A54E /* Frameworks */,
				B3920CF72C9DBD320059A54E /* Resources */,
			);
			buildRules = (
			);
			dependencies = (
			);
			name = EssentialFeedAPIEndToEndTests;
			productName = EssentialFeedAPIEndToEndTests;
			productReference = B3920CF92C9DBD320059A54E /* EssentialFeedAPIEndToEndTests.xctest */;
			productType = "com.apple.product-type.bundle.unit-test";
		};
		B3A4F3A62DA050BC00FA35DC /* EssentialFeediOS */ = {
			isa = PBXNativeTarget;
			buildConfigurationList = B3A4F3B92DA050BD00FA35DC /* Build configuration list for PBXNativeTarget "EssentialFeediOS" */;
			buildPhases = (
				B3A4F3A22DA050BC00FA35DC /* Headers */,
				B3A4F3A32DA050BC00FA35DC /* Sources */,
				B3A4F3A42DA050BC00FA35DC /* Frameworks */,
				B3A4F3A52DA050BC00FA35DC /* Resources */,
			);
			buildRules = (
			);
			dependencies = (
			);
			fileSystemSynchronizedGroups = (
				B3A4F3A82DA050BD00FA35DC /* EssentialFeediOS */,
			);
			name = EssentialFeediOS;
			packageProductDependencies = (
			);
			productName = EssentialFeediOS;
			productReference = B3A4F3A72DA050BC00FA35DC /* EssentialFeediOS.framework */;
			productType = "com.apple.product-type.framework";
		};
		B3A4F3AF2DA050BD00FA35DC /* EssentialFeediOSTests */ = {
			isa = PBXNativeTarget;
			buildConfigurationList = B3A4F3BC2DA050BD00FA35DC /* Build configuration list for PBXNativeTarget "EssentialFeediOSTests" */;
			buildPhases = (
				B3A4F3AC2DA050BD00FA35DC /* Sources */,
				B3A4F3AD2DA050BD00FA35DC /* Frameworks */,
				B3A4F3AE2DA050BD00FA35DC /* Resources */,
			);
			buildRules = (
			);
			dependencies = (
				B3A4F3B32DA050BD00FA35DC /* PBXTargetDependency */,
			);
			fileSystemSynchronizedGroups = (
				B3A4F3B42DA050BD00FA35DC /* EssentialFeediOSTests */,
			);
			name = EssentialFeediOSTests;
			packageProductDependencies = (
			);
			productName = EssentialFeediOSTests;
			productReference = B3A4F3B02DA050BD00FA35DC /* EssentialFeediOSTests.xctest */;
			productType = "com.apple.product-type.bundle.unit-test";
		};
/* End PBXNativeTarget section */

/* Begin PBXProject section */
		B34D68852C5663F5009232D2 /* Project object */ = {
			isa = PBXProject;
			attributes = {
				BuildIndependentTargetsInParallel = 1;
				LastSwiftUpdateCheck = 1620;
				LastUpgradeCheck = 1620;
				TargetAttributes = {
					B30D93422D99A9690087082B = {
						CreatedOnToolsVersion = 16.2;
					};
					B34D689D2C5663F6009232D2 = {
						CreatedOnToolsVersion = 15.4;
						TestTargetID = B34D688C2C5663F5009232D2;
					};
					B34D68A72C5663F6009232D2 = {
						CreatedOnToolsVersion = 15.4;
						TestTargetID = B34D688C2C5663F5009232D2;
					};
					B35BC9EE2CDE40A800105FF1 = {
						CreatedOnToolsVersion = 16.1;
					};
					B3920CF82C9DBD320059A54E = {
						CreatedOnToolsVersion = 15.4;
						LastSwiftMigration = 1540;
						TestTargetID = B34D688C2C5663F5009232D2;
					};
					B3A4F3A62DA050BC00FA35DC = {
						CreatedOnToolsVersion = 16.2;
					};
					B3A4F3AF2DA050BD00FA35DC = {
						CreatedOnToolsVersion = 16.2;
					};
				};
			};
			buildConfigurationList = B34D68882C5663F5009232D2 /* Build configuration list for PBXProject "EssentialFeed" */;
			compatibilityVersion = "Xcode 14.0";
			developmentRegion = en;
			hasScannedForEncodings = 0;
			knownRegions = (
				en,
				Base,
			);
			mainGroup = B34D68842C5663F5009232D2;
			productRefGroup = B34D688E2C5663F5009232D2 /* Products */;
			projectDirPath = "";
			projectRoot = "";
			targets = (
				B35BC9EE2CDE40A800105FF1 /* EssentialFeedFramework */,
				B34D689D2C5663F6009232D2 /* EssentialFeedTests */,
				B3920CF82C9DBD320059A54E /* EssentialFeedAPIEndToEndTests */,
				B34D68A72C5663F6009232D2 /* EssentialFeedUITests */,
				B30D93422D99A9690087082B /* EssentialFeedCacheIntegrationTests */,
				B3A4F3A62DA050BC00FA35DC /* EssentialFeediOS */,
				B3A4F3AF2DA050BD00FA35DC /* EssentialFeediOSTests */,
			);
		};
/* End PBXProject section */

/* Begin PBXResourcesBuildPhase section */
		B30D93412D99A9690087082B /* Resources */ = {
			isa = PBXResourcesBuildPhase;
			buildActionMask = 2147483647;
			files = (
			);
			runOnlyForDeploymentPostprocessing = 0;
		};
		B34D689C2C5663F6009232D2 /* Resources */ = {
			isa = PBXResourcesBuildPhase;
			buildActionMask = 2147483647;
			files = (
			);
			runOnlyForDeploymentPostprocessing = 0;
		};
		B34D68A62C5663F6009232D2 /* Resources */ = {
			isa = PBXResourcesBuildPhase;
			buildActionMask = 2147483647;
			files = (
			);
			runOnlyForDeploymentPostprocessing = 0;
		};
		B35BC9ED2CDE40A800105FF1 /* Resources */ = {
			isa = PBXResourcesBuildPhase;
			buildActionMask = 2147483647;
			files = (
			);
			runOnlyForDeploymentPostprocessing = 0;
		};
		B3920CF72C9DBD320059A54E /* Resources */ = {
			isa = PBXResourcesBuildPhase;
			buildActionMask = 2147483647;
			files = (
			);
			runOnlyForDeploymentPostprocessing = 0;
		};
		B3A4F3A52DA050BC00FA35DC /* Resources */ = {
			isa = PBXResourcesBuildPhase;
			buildActionMask = 2147483647;
			files = (
			);
			runOnlyForDeploymentPostprocessing = 0;
		};
		B3A4F3AE2DA050BD00FA35DC /* Resources */ = {
			isa = PBXResourcesBuildPhase;
			buildActionMask = 2147483647;
			files = (
			);
			runOnlyForDeploymentPostprocessing = 0;
		};
/* End PBXResourcesBuildPhase section */

/* Begin PBXSourcesBuildPhase section */
		B30D933F2D99A9690087082B /* Sources */ = {
			isa = PBXSourcesBuildPhase;
			buildActionMask = 2147483647;
			files = (
				B31D5F1E2D99B50500102488 /* SharedTestHelpers.swift in Sources */,
				B31D5F1D2D99B4F200102488 /* FeedCacheTestHelpers.swift in Sources */,
				B31D5F1A2D99AE1C00102488 /* XCTestCase+MemoryLeakTracking.swift in Sources */,
			);
			runOnlyForDeploymentPostprocessing = 0;
		};
		B34D689A2C5663F6009232D2 /* Sources */ = {
			isa = PBXSourcesBuildPhase;
			buildActionMask = 2147483647;
			files = (
				B32A12792CE4B75100770496 /* XCTestCase+FeedStoreSpecs.swift in Sources */,
				B3EFC7B82C62459E002FE031 /* LoadFeedFromRemoteUseCaseTests.swift in Sources */,
				B32A12AC2CE8E2C400770496 /* CoreDataFeedStoreTests.swift in Sources */,
				B32A12A52CE762C600770496 /* XCTestCase+FailableRetrieveFeedStoreSpecs.swift in Sources */,
				B3920CF12C99C6370059A54E /* XCTestCase+MemoryLeakTracking.swift in Sources */,
				B35BC9432CD424C300105FF1 /* SharedTestHelpers.swift in Sources */,
				B332D8382C85D203004B38D1 /* URLSessionHTTPClientTests.swift in Sources */,
				B320A9F62CCA7A97006874F1 /* CacheFeedUseCaseTests.swift in Sources */,
				B35BC9412CD4240200105FF1 /* FeedCacheTestHelpers.swift in Sources */,
				B35BC93D2CD41EB700105FF1 /* ValidateFeedCacheUseCaseTests.swift in Sources */,
				B35BC93B2CD3BA3B00105FF1 /* FeedStoreSpy.swift in Sources */,
				B35BC9382CD3B84100105FF1 /* LoadFeedFromCacheUseCaseTests.swift in Sources */,
				B32A12A92CE8C22700770496 /* XCTestCase+FailableDeleteFeedStoreSpecs.swift in Sources */,
				B32A12772CE4B69600770496 /* FeedStoreSpecs.swift in Sources */,
				B34D68A32C5663F6009232D2 /* EssentialFeedTests.swift in Sources */,
				B32A12A72CE8BFB300770496 /* XCTestCase+FailableInsertFeedStoreSpecs.swift in Sources */,
			);
			runOnlyForDeploymentPostprocessing = 0;
		};
		B34D68A42C5663F6009232D2 /* Sources */ = {
			isa = PBXSourcesBuildPhase;
			buildActionMask = 2147483647;
			files = (
				B34D68AD2C5663F6009232D2 /* EssentialFeedUITests.swift in Sources */,
				B34D68AF2C5663F6009232D2 /* EssentialFeedUITestsLaunchTests.swift in Sources */,
			);
			runOnlyForDeploymentPostprocessing = 0;
		};
		B35BC9EB2CDE40A800105FF1 /* Sources */ = {
			isa = PBXSourcesBuildPhase;
			buildActionMask = 2147483647;
			files = (
			);
			runOnlyForDeploymentPostprocessing = 0;
		};
		B3920CF52C9DBD320059A54E /* Sources */ = {
			isa = PBXSourcesBuildPhase;
			buildActionMask = 2147483647;
			files = (
				B3920D0F2C9DDFE00059A54E /* EssentialFeedAPIEndToEndTests.swift in Sources */,
				B3920D112C9F37250059A54E /* XCTestCase+MemoryLeakTracking.swift in Sources */,
				B35BC9442CD424C300105FF1 /* SharedTestHelpers.swift in Sources */,
			);
			runOnlyForDeploymentPostprocessing = 0;
		};
		B3A4F3A32DA050BC00FA35DC /* Sources */ = {
			isa = PBXSourcesBuildPhase;
			buildActionMask = 2147483647;
			files = (
			);
			runOnlyForDeploymentPostprocessing = 0;
		};
		B3A4F3AC2DA050BD00FA35DC /* Sources */ = {
			isa = PBXSourcesBuildPhase;
			buildActionMask = 2147483647;
			files = (
			);
			runOnlyForDeploymentPostprocessing = 0;
		};
/* End PBXSourcesBuildPhase section */

/* Begin PBXTargetDependency section */
		B30D93492D99A9690087082B /* PBXTargetDependency */ = {
			isa = PBXTargetDependency;
			target = B35BC9EE2CDE40A800105FF1 /* EssentialFeedFramework */;
			targetProxy = B30D93482D99A9690087082B /* PBXContainerItemProxy */;
		};
		B3A4F3B32DA050BD00FA35DC /* PBXTargetDependency */ = {
			isa = PBXTargetDependency;
			target = B3A4F3A62DA050BC00FA35DC /* EssentialFeediOS */;
			targetProxy = B3A4F3B22DA050BD00FA35DC /* PBXContainerItemProxy */;
		};
/* End PBXTargetDependency section */

/* Begin XCBuildConfiguration section */
		B30D934A2D99A9690087082B /* Debug */ = {
			isa = XCBuildConfiguration;
			buildSettings = {
				CODE_SIGN_STYLE = Automatic;
				CURRENT_PROJECT_VERSION = 1;
				DEAD_CODE_STRIPPING = YES;
				DEVELOPMENT_TEAM = QQ88G577XH;
				GENERATE_INFOPLIST_FILE = YES;
				MACOSX_DEPLOYMENT_TARGET = 15.2;
				MARKETING_VERSION = 1.0;
				PRODUCT_BUNDLE_IDENTIFIER = com.InnaCh.EssentialFeedIntegrationTests;
				PRODUCT_NAME = "$(TARGET_NAME)";
				SUPPORTED_PLATFORMS = "macosx iphonesimulator iphoneos";
				SWIFT_EMIT_LOC_STRINGS = NO;
				SWIFT_VERSION = 5.0;
			};
			name = Debug;
		};
		B30D934B2D99A9690087082B /* Release */ = {
			isa = XCBuildConfiguration;
			buildSettings = {
				CODE_SIGN_STYLE = Automatic;
				CURRENT_PROJECT_VERSION = 1;
				DEAD_CODE_STRIPPING = YES;
				DEVELOPMENT_TEAM = QQ88G577XH;
				GENERATE_INFOPLIST_FILE = YES;
				MACOSX_DEPLOYMENT_TARGET = 15.2;
				MARKETING_VERSION = 1.0;
				PRODUCT_BUNDLE_IDENTIFIER = com.InnaCh.EssentialFeedIntegrationTests;
				PRODUCT_NAME = "$(TARGET_NAME)";
				SUPPORTED_PLATFORMS = "macosx iphonesimulator iphoneos";
				SWIFT_EMIT_LOC_STRINGS = NO;
				SWIFT_VERSION = 5.0;
			};
			name = Release;
		};
		B34D68B02C5663F6009232D2 /* Debug */ = {
			isa = XCBuildConfiguration;
			buildSettings = {
				ALWAYS_SEARCH_USER_PATHS = NO;
				ASSETCATALOG_COMPILER_GENERATE_SWIFT_ASSET_SYMBOL_EXTENSIONS = YES;
				CLANG_ANALYZER_NONNULL = YES;
				CLANG_ANALYZER_NUMBER_OBJECT_CONVERSION = YES_AGGRESSIVE;
				CLANG_CXX_LANGUAGE_STANDARD = "gnu++20";
				CLANG_ENABLE_MODULES = YES;
				CLANG_ENABLE_OBJC_ARC = YES;
				CLANG_ENABLE_OBJC_WEAK = YES;
				CLANG_WARN_BLOCK_CAPTURE_AUTORELEASING = YES;
				CLANG_WARN_BOOL_CONVERSION = YES;
				CLANG_WARN_COMMA = YES;
				CLANG_WARN_CONSTANT_CONVERSION = YES;
				CLANG_WARN_DEPRECATED_OBJC_IMPLEMENTATIONS = YES;
				CLANG_WARN_DIRECT_OBJC_ISA_USAGE = YES_ERROR;
				CLANG_WARN_DOCUMENTATION_COMMENTS = YES;
				CLANG_WARN_EMPTY_BODY = YES;
				CLANG_WARN_ENUM_CONVERSION = YES;
				CLANG_WARN_INFINITE_RECURSION = YES;
				CLANG_WARN_INT_CONVERSION = YES;
				CLANG_WARN_NON_LITERAL_NULL_CONVERSION = YES;
				CLANG_WARN_OBJC_IMPLICIT_RETAIN_SELF = YES;
				CLANG_WARN_OBJC_LITERAL_CONVERSION = YES;
				CLANG_WARN_OBJC_ROOT_CLASS = YES_ERROR;
				CLANG_WARN_QUOTED_INCLUDE_IN_FRAMEWORK_HEADER = YES;
				CLANG_WARN_RANGE_LOOP_ANALYSIS = YES;
				CLANG_WARN_STRICT_PROTOTYPES = YES;
				CLANG_WARN_SUSPICIOUS_MOVE = YES;
				CLANG_WARN_UNGUARDED_AVAILABILITY = YES_AGGRESSIVE;
				CLANG_WARN_UNREACHABLE_CODE = YES;
				CLANG_WARN__DUPLICATE_METHOD_MATCH = YES;
				COPY_PHASE_STRIP = NO;
				DEAD_CODE_STRIPPING = YES;
				DEBUG_INFORMATION_FORMAT = dwarf;
				ENABLE_STRICT_OBJC_MSGSEND = YES;
				ENABLE_TESTABILITY = YES;
				ENABLE_USER_SCRIPT_SANDBOXING = YES;
				GCC_C_LANGUAGE_STANDARD = gnu17;
				GCC_DYNAMIC_NO_PIC = NO;
				GCC_NO_COMMON_BLOCKS = YES;
				GCC_OPTIMIZATION_LEVEL = 0;
				GCC_PREPROCESSOR_DEFINITIONS = (
					"DEBUG=1",
					"$(inherited)",
				);
				GCC_WARN_64_TO_32_BIT_CONVERSION = YES;
				GCC_WARN_ABOUT_RETURN_TYPE = YES_ERROR;
				GCC_WARN_UNDECLARED_SELECTOR = YES;
				GCC_WARN_UNINITIALIZED_AUTOS = YES_AGGRESSIVE;
				GCC_WARN_UNUSED_FUNCTION = YES;
				GCC_WARN_UNUSED_VARIABLE = YES;
				LOCALIZATION_PREFERS_STRING_CATALOGS = YES;
				MACOSX_DEPLOYMENT_TARGET = 14.5;
				MTL_ENABLE_DEBUG_INFO = INCLUDE_SOURCE;
				MTL_FAST_MATH = YES;
				ONLY_ACTIVE_ARCH = YES;
				SDKROOT = macosx;
				SWIFT_ACTIVE_COMPILATION_CONDITIONS = "DEBUG $(inherited)";
				SWIFT_OPTIMIZATION_LEVEL = "-Onone";
			};
			name = Debug;
		};
		B34D68B12C5663F6009232D2 /* Release */ = {
			isa = XCBuildConfiguration;
			buildSettings = {
				ALWAYS_SEARCH_USER_PATHS = NO;
				ASSETCATALOG_COMPILER_GENERATE_SWIFT_ASSET_SYMBOL_EXTENSIONS = YES;
				CLANG_ANALYZER_NONNULL = YES;
				CLANG_ANALYZER_NUMBER_OBJECT_CONVERSION = YES_AGGRESSIVE;
				CLANG_CXX_LANGUAGE_STANDARD = "gnu++20";
				CLANG_ENABLE_MODULES = YES;
				CLANG_ENABLE_OBJC_ARC = YES;
				CLANG_ENABLE_OBJC_WEAK = YES;
				CLANG_WARN_BLOCK_CAPTURE_AUTORELEASING = YES;
				CLANG_WARN_BOOL_CONVERSION = YES;
				CLANG_WARN_COMMA = YES;
				CLANG_WARN_CONSTANT_CONVERSION = YES;
				CLANG_WARN_DEPRECATED_OBJC_IMPLEMENTATIONS = YES;
				CLANG_WARN_DIRECT_OBJC_ISA_USAGE = YES_ERROR;
				CLANG_WARN_DOCUMENTATION_COMMENTS = YES;
				CLANG_WARN_EMPTY_BODY = YES;
				CLANG_WARN_ENUM_CONVERSION = YES;
				CLANG_WARN_INFINITE_RECURSION = YES;
				CLANG_WARN_INT_CONVERSION = YES;
				CLANG_WARN_NON_LITERAL_NULL_CONVERSION = YES;
				CLANG_WARN_OBJC_IMPLICIT_RETAIN_SELF = YES;
				CLANG_WARN_OBJC_LITERAL_CONVERSION = YES;
				CLANG_WARN_OBJC_ROOT_CLASS = YES_ERROR;
				CLANG_WARN_QUOTED_INCLUDE_IN_FRAMEWORK_HEADER = YES;
				CLANG_WARN_RANGE_LOOP_ANALYSIS = YES;
				CLANG_WARN_STRICT_PROTOTYPES = YES;
				CLANG_WARN_SUSPICIOUS_MOVE = YES;
				CLANG_WARN_UNGUARDED_AVAILABILITY = YES_AGGRESSIVE;
				CLANG_WARN_UNREACHABLE_CODE = YES;
				CLANG_WARN__DUPLICATE_METHOD_MATCH = YES;
				COPY_PHASE_STRIP = NO;
				DEAD_CODE_STRIPPING = YES;
				DEBUG_INFORMATION_FORMAT = "dwarf-with-dsym";
				ENABLE_NS_ASSERTIONS = NO;
				ENABLE_STRICT_OBJC_MSGSEND = YES;
				ENABLE_USER_SCRIPT_SANDBOXING = YES;
				GCC_C_LANGUAGE_STANDARD = gnu17;
				GCC_NO_COMMON_BLOCKS = YES;
				GCC_WARN_64_TO_32_BIT_CONVERSION = YES;
				GCC_WARN_ABOUT_RETURN_TYPE = YES_ERROR;
				GCC_WARN_UNDECLARED_SELECTOR = YES;
				GCC_WARN_UNINITIALIZED_AUTOS = YES_AGGRESSIVE;
				GCC_WARN_UNUSED_FUNCTION = YES;
				GCC_WARN_UNUSED_VARIABLE = YES;
				LOCALIZATION_PREFERS_STRING_CATALOGS = YES;
				MACOSX_DEPLOYMENT_TARGET = 14.5;
				MTL_ENABLE_DEBUG_INFO = NO;
				MTL_FAST_MATH = YES;
				SDKROOT = macosx;
				SWIFT_COMPILATION_MODE = wholemodule;
			};
			name = Release;
		};
		B34D68B62C5663F6009232D2 /* Debug */ = {
			isa = XCBuildConfiguration;
			buildSettings = {
				BUNDLE_LOADER = "$(TEST_HOST)";
				CODE_SIGN_STYLE = Automatic;
				CURRENT_PROJECT_VERSION = 1;
				DEAD_CODE_STRIPPING = YES;
				DEVELOPMENT_TEAM = QQ88G577XH;
				GENERATE_INFOPLIST_FILE = YES;
				MACOSX_DEPLOYMENT_TARGET = 14.5;
				MARKETING_VERSION = 1.0;
				PRODUCT_BUNDLE_IDENTIFIER = com.InnaCh.EssentialFeedTests;
				PRODUCT_NAME = "$(TARGET_NAME)";
				SUPPORTED_PLATFORMS = "macosx iphoneos iphonesimulator";
				SWIFT_EMIT_LOC_STRINGS = NO;
				SWIFT_VERSION = 5.0;
				TEST_HOST = "";
			};
			name = Debug;
		};
		B34D68B72C5663F6009232D2 /* Release */ = {
			isa = XCBuildConfiguration;
			buildSettings = {
				BUNDLE_LOADER = "$(TEST_HOST)";
				CODE_SIGN_STYLE = Automatic;
				CURRENT_PROJECT_VERSION = 1;
				DEAD_CODE_STRIPPING = YES;
				DEVELOPMENT_TEAM = QQ88G577XH;
				GENERATE_INFOPLIST_FILE = YES;
				MACOSX_DEPLOYMENT_TARGET = 14.5;
				MARKETING_VERSION = 1.0;
				PRODUCT_BUNDLE_IDENTIFIER = com.InnaCh.EssentialFeedTests;
				PRODUCT_NAME = "$(TARGET_NAME)";
				SUPPORTED_PLATFORMS = "macosx iphoneos iphonesimulator";
				SWIFT_EMIT_LOC_STRINGS = NO;
				SWIFT_VERSION = 5.0;
			};
			name = Release;
		};
		B34D68B92C5663F6009232D2 /* Debug */ = {
			isa = XCBuildConfiguration;
			buildSettings = {
				CODE_SIGN_STYLE = Automatic;
				CURRENT_PROJECT_VERSION = 1;
				DEAD_CODE_STRIPPING = YES;
				DEVELOPMENT_TEAM = QQ88G577XH;
				GENERATE_INFOPLIST_FILE = YES;
				MARKETING_VERSION = 1.0;
				PRODUCT_BUNDLE_IDENTIFIER = com.InnaCh.EssentialFeedUITests;
				PRODUCT_NAME = "$(TARGET_NAME)";
				SUPPORTED_PLATFORMS = "macosx iphonesimulator iphoneos";
				SWIFT_EMIT_LOC_STRINGS = NO;
				SWIFT_VERSION = 5.0;
				TEST_TARGET_NAME = EssentialFeed;
			};
			name = Debug;
		};
		B34D68BA2C5663F6009232D2 /* Release */ = {
			isa = XCBuildConfiguration;
			buildSettings = {
				CODE_SIGN_STYLE = Automatic;
				CURRENT_PROJECT_VERSION = 1;
				DEAD_CODE_STRIPPING = YES;
				DEVELOPMENT_TEAM = QQ88G577XH;
				GENERATE_INFOPLIST_FILE = YES;
				MARKETING_VERSION = 1.0;
				PRODUCT_BUNDLE_IDENTIFIER = com.InnaCh.EssentialFeedUITests;
				PRODUCT_NAME = "$(TARGET_NAME)";
				SUPPORTED_PLATFORMS = "macosx iphonesimulator iphoneos";
				SWIFT_EMIT_LOC_STRINGS = NO;
				SWIFT_VERSION = 5.0;
				TEST_TARGET_NAME = EssentialFeed;
			};
			name = Release;
		};
		B35BCA072CDE40A900105FF1 /* Debug */ = {
			isa = XCBuildConfiguration;
			buildSettings = {
				ALLOW_TARGET_PLATFORM_SPECIALIZATION = YES;
				BUILD_LIBRARY_FOR_DISTRIBUTION = YES;
				CODE_SIGN_IDENTITY = "";
				CODE_SIGN_STYLE = Automatic;
				COMBINE_HIDPI_IMAGES = YES;
				CURRENT_PROJECT_VERSION = 1;
				DEAD_CODE_STRIPPING = YES;
				DEFINES_MODULE = NO;
				DEVELOPMENT_TEAM = QQ88G577XH;
				DYLIB_COMPATIBILITY_VERSION = 1;
				DYLIB_CURRENT_VERSION = 1;
				DYLIB_INSTALL_NAME_BASE = "@rpath";
				ENABLE_MODULE_VERIFIER = YES;
				GENERATE_INFOPLIST_FILE = YES;
				INFOPLIST_KEY_NSHumanReadableCopyright = "";
				INSTALL_PATH = "$(LOCAL_LIBRARY_DIR)/Frameworks";
				LD_RUNPATH_SEARCH_PATHS = (
					"$(inherited)",
					"@executable_path/../Frameworks",
					"@loader_path/Frameworks",
				);
				MACOSX_DEPLOYMENT_TARGET = 15.1;
				MARKETING_VERSION = 1.0;
				MODULE_VERIFIER_SUPPORTED_LANGUAGES = "objective-c objective-c++";
				MODULE_VERIFIER_SUPPORTED_LANGUAGE_STANDARDS = "gnu17 gnu++20";
				PRODUCT_BUNDLE_IDENTIFIER = com.InnaCh.EssentialFeedFramework;
				PRODUCT_NAME = "$(TARGET_NAME:c99extidentifier)";
				SKIP_INSTALL = YES;
				SUPPORTED_PLATFORMS = "macosx iphoneos iphonesimulator";
				SUPPORTS_MACCATALYST = YES;
				SWIFT_EMIT_LOC_STRINGS = YES;
				SWIFT_INSTALL_OBJC_HEADER = NO;
				SWIFT_VERSION = 5.0;
				VERSIONING_SYSTEM = "apple-generic";
				VERSION_INFO_PREFIX = "";
			};
			name = Debug;
		};
		B35BCA082CDE40A900105FF1 /* Release */ = {
			isa = XCBuildConfiguration;
			buildSettings = {
				ALLOW_TARGET_PLATFORM_SPECIALIZATION = YES;
				BUILD_LIBRARY_FOR_DISTRIBUTION = YES;
				CODE_SIGN_IDENTITY = "";
				CODE_SIGN_STYLE = Automatic;
				COMBINE_HIDPI_IMAGES = YES;
				CURRENT_PROJECT_VERSION = 1;
				DEAD_CODE_STRIPPING = YES;
				DEFINES_MODULE = NO;
				DEVELOPMENT_TEAM = QQ88G577XH;
				DYLIB_COMPATIBILITY_VERSION = 1;
				DYLIB_CURRENT_VERSION = 1;
				DYLIB_INSTALL_NAME_BASE = "@rpath";
				ENABLE_MODULE_VERIFIER = YES;
				GENERATE_INFOPLIST_FILE = YES;
				INFOPLIST_KEY_NSHumanReadableCopyright = "";
				INSTALL_PATH = "$(LOCAL_LIBRARY_DIR)/Frameworks";
				LD_RUNPATH_SEARCH_PATHS = (
					"$(inherited)",
					"@executable_path/../Frameworks",
					"@loader_path/Frameworks",
				);
				MACOSX_DEPLOYMENT_TARGET = 15.1;
				MARKETING_VERSION = 1.0;
				MODULE_VERIFIER_SUPPORTED_LANGUAGES = "objective-c objective-c++";
				MODULE_VERIFIER_SUPPORTED_LANGUAGE_STANDARDS = "gnu17 gnu++20";
				PRODUCT_BUNDLE_IDENTIFIER = com.InnaCh.EssentialFeedFramework;
				PRODUCT_NAME = "$(TARGET_NAME:c99extidentifier)";
				SKIP_INSTALL = YES;
				SUPPORTED_PLATFORMS = "macosx iphoneos iphonesimulator";
				SUPPORTS_MACCATALYST = YES;
				SWIFT_EMIT_LOC_STRINGS = YES;
				SWIFT_INSTALL_OBJC_HEADER = NO;
				SWIFT_VERSION = 5.0;
				VERSIONING_SYSTEM = "apple-generic";
				VERSION_INFO_PREFIX = "";
			};
			name = Release;
		};
		B3920D002C9DBD320059A54E /* Debug */ = {
			isa = XCBuildConfiguration;
			buildSettings = {
				BUNDLE_LOADER = "$(TEST_HOST)";
				CLANG_ENABLE_MODULES = YES;
				CODE_SIGN_STYLE = Automatic;
				CURRENT_PROJECT_VERSION = 1;
				DEAD_CODE_STRIPPING = YES;
				DEVELOPMENT_TEAM = QQ88G577XH;
				ENABLE_APP_SANDBOX = NO;
				GENERATE_INFOPLIST_FILE = YES;
				MARKETING_VERSION = 1.0;
				PRODUCT_BUNDLE_IDENTIFIER = com.InnaCh.EssentialFeedAPIEndToEndTests;
				PRODUCT_NAME = "$(TARGET_NAME)";
				SUPPORTED_PLATFORMS = "macosx iphonesimulator iphoneos";
				SWIFT_EMIT_LOC_STRINGS = NO;
				SWIFT_OPTIMIZATION_LEVEL = "-Onone";
				SWIFT_VERSION = 5.0;
				TEST_HOST = "";
			};
			name = Debug;
		};
		B3920D012C9DBD320059A54E /* Release */ = {
			isa = XCBuildConfiguration;
			buildSettings = {
				BUNDLE_LOADER = "$(TEST_HOST)";
				CLANG_ENABLE_MODULES = YES;
				CODE_SIGN_STYLE = Automatic;
				CURRENT_PROJECT_VERSION = 1;
				DEAD_CODE_STRIPPING = YES;
				DEVELOPMENT_TEAM = QQ88G577XH;
				ENABLE_APP_SANDBOX = NO;
				GENERATE_INFOPLIST_FILE = YES;
				MARKETING_VERSION = 1.0;
				PRODUCT_BUNDLE_IDENTIFIER = com.InnaCh.EssentialFeedAPIEndToEndTests;
				PRODUCT_NAME = "$(TARGET_NAME)";
				SUPPORTED_PLATFORMS = "macosx iphonesimulator iphoneos";
				SWIFT_EMIT_LOC_STRINGS = NO;
				SWIFT_VERSION = 5.0;
				TEST_HOST = "";
			};
			name = Release;
		};
		B3A4F3BA2DA050BD00FA35DC /* Debug */ = {
			isa = XCBuildConfiguration;
			buildSettings = {
				BUILD_LIBRARY_FOR_DISTRIBUTION = YES;
				CODE_SIGN_STYLE = Automatic;
				CURRENT_PROJECT_VERSION = 1;
				DEFINES_MODULE = YES;
				DEVELOPMENT_TEAM = QQ88G577XH;
				DYLIB_COMPATIBILITY_VERSION = 1;
				DYLIB_CURRENT_VERSION = 1;
				DYLIB_INSTALL_NAME_BASE = "@rpath";
				ENABLE_MODULE_VERIFIER = YES;
				GENERATE_INFOPLIST_FILE = YES;
				INFOPLIST_KEY_NSHumanReadableCopyright = "";
				INSTALL_PATH = "$(LOCAL_LIBRARY_DIR)/Frameworks";
				IPHONEOS_DEPLOYMENT_TARGET = 18.2;
				LD_RUNPATH_SEARCH_PATHS = (
					"$(inherited)",
					"@executable_path/Frameworks",
					"@loader_path/Frameworks",
				);
				MARKETING_VERSION = 1.0;
				MODULE_VERIFIER_SUPPORTED_LANGUAGES = "objective-c objective-c++";
				MODULE_VERIFIER_SUPPORTED_LANGUAGE_STANDARDS = "gnu17 gnu++20";
				PRODUCT_BUNDLE_IDENTIFIER = com.InnaCh.EssentialFeediOS;
				PRODUCT_NAME = "$(TARGET_NAME:c99extidentifier)";
				SDKROOT = iphoneos;
				SKIP_INSTALL = YES;
				SUPPORTED_PLATFORMS = "iphoneos iphonesimulator";
				SUPPORTS_MACCATALYST = NO;
				SUPPORTS_MAC_DESIGNED_FOR_IPHONE_IPAD = NO;
				SUPPORTS_XR_DESIGNED_FOR_IPHONE_IPAD = NO;
				SWIFT_EMIT_LOC_STRINGS = YES;
				SWIFT_INSTALL_OBJC_HEADER = NO;
				SWIFT_VERSION = 5.0;
				TARGETED_DEVICE_FAMILY = "1,2";
				VERSIONING_SYSTEM = "apple-generic";
				VERSION_INFO_PREFIX = "";
			};
			name = Debug;
		};
		B3A4F3BB2DA050BD00FA35DC /* Release */ = {
			isa = XCBuildConfiguration;
			buildSettings = {
				BUILD_LIBRARY_FOR_DISTRIBUTION = YES;
				CODE_SIGN_STYLE = Automatic;
				CURRENT_PROJECT_VERSION = 1;
				DEFINES_MODULE = YES;
				DEVELOPMENT_TEAM = QQ88G577XH;
				DYLIB_COMPATIBILITY_VERSION = 1;
				DYLIB_CURRENT_VERSION = 1;
				DYLIB_INSTALL_NAME_BASE = "@rpath";
				ENABLE_MODULE_VERIFIER = YES;
				GENERATE_INFOPLIST_FILE = YES;
				INFOPLIST_KEY_NSHumanReadableCopyright = "";
				INSTALL_PATH = "$(LOCAL_LIBRARY_DIR)/Frameworks";
				IPHONEOS_DEPLOYMENT_TARGET = 18.2;
				LD_RUNPATH_SEARCH_PATHS = (
					"$(inherited)",
					"@executable_path/Frameworks",
					"@loader_path/Frameworks",
				);
				MARKETING_VERSION = 1.0;
				MODULE_VERIFIER_SUPPORTED_LANGUAGES = "objective-c objective-c++";
				MODULE_VERIFIER_SUPPORTED_LANGUAGE_STANDARDS = "gnu17 gnu++20";
				PRODUCT_BUNDLE_IDENTIFIER = com.InnaCh.EssentialFeediOS;
				PRODUCT_NAME = "$(TARGET_NAME:c99extidentifier)";
				SDKROOT = iphoneos;
				SKIP_INSTALL = YES;
				SUPPORTED_PLATFORMS = "iphoneos iphonesimulator";
				SUPPORTS_MACCATALYST = NO;
				SUPPORTS_MAC_DESIGNED_FOR_IPHONE_IPAD = NO;
				SUPPORTS_XR_DESIGNED_FOR_IPHONE_IPAD = NO;
				SWIFT_EMIT_LOC_STRINGS = YES;
				SWIFT_INSTALL_OBJC_HEADER = NO;
				SWIFT_VERSION = 5.0;
				TARGETED_DEVICE_FAMILY = "1,2";
				VALIDATE_PRODUCT = YES;
				VERSIONING_SYSTEM = "apple-generic";
				VERSION_INFO_PREFIX = "";
			};
			name = Release;
		};
		B3A4F3BD2DA050BD00FA35DC /* Debug */ = {
			isa = XCBuildConfiguration;
			buildSettings = {
				CODE_SIGN_STYLE = Automatic;
				CURRENT_PROJECT_VERSION = 1;
				DEVELOPMENT_TEAM = QQ88G577XH;
				GENERATE_INFOPLIST_FILE = YES;
				IPHONEOS_DEPLOYMENT_TARGET = 18.2;
				MARKETING_VERSION = 1.0;
				PRODUCT_BUNDLE_IDENTIFIER = com.InnaCh.EssentialFeediOSTests;
				PRODUCT_NAME = "$(TARGET_NAME)";
				SDKROOT = iphoneos;
				SUPPORTED_PLATFORMS = "iphoneos iphonesimulator";
				SUPPORTS_MACCATALYST = NO;
				SUPPORTS_MAC_DESIGNED_FOR_IPHONE_IPAD = NO;
				SUPPORTS_XR_DESIGNED_FOR_IPHONE_IPAD = NO;
				SWIFT_EMIT_LOC_STRINGS = NO;
				SWIFT_VERSION = 5.0;
				TARGETED_DEVICE_FAMILY = "1,2";
			};
			name = Debug;
		};
		B3A4F3BE2DA050BD00FA35DC /* Release */ = {
			isa = XCBuildConfiguration;
			buildSettings = {
				CODE_SIGN_STYLE = Automatic;
				CURRENT_PROJECT_VERSION = 1;
				DEVELOPMENT_TEAM = QQ88G577XH;
				GENERATE_INFOPLIST_FILE = YES;
				IPHONEOS_DEPLOYMENT_TARGET = 18.2;
				MARKETING_VERSION = 1.0;
				PRODUCT_BUNDLE_IDENTIFIER = com.InnaCh.EssentialFeediOSTests;
				PRODUCT_NAME = "$(TARGET_NAME)";
				SDKROOT = iphoneos;
				SUPPORTED_PLATFORMS = "iphoneos iphonesimulator";
				SUPPORTS_MACCATALYST = NO;
				SUPPORTS_MAC_DESIGNED_FOR_IPHONE_IPAD = NO;
				SUPPORTS_XR_DESIGNED_FOR_IPHONE_IPAD = NO;
				SWIFT_EMIT_LOC_STRINGS = NO;
				SWIFT_VERSION = 5.0;
				TARGETED_DEVICE_FAMILY = "1,2";
				VALIDATE_PRODUCT = YES;
			};
			name = Release;
		};
/* End XCBuildConfiguration section */

/* Begin XCConfigurationList section */
		B30D934C2D99A9690087082B /* Build configuration list for PBXNativeTarget "EssentialFeedCacheIntegrationTests" */ = {
			isa = XCConfigurationList;
			buildConfigurations = (
				B30D934A2D99A9690087082B /* Debug */,
				B30D934B2D99A9690087082B /* Release */,
			);
			defaultConfigurationIsVisible = 0;
			defaultConfigurationName = Release;
		};
		B34D68882C5663F5009232D2 /* Build configuration list for PBXProject "EssentialFeed" */ = {
			isa = XCConfigurationList;
			buildConfigurations = (
				B34D68B02C5663F6009232D2 /* Debug */,
				B34D68B12C5663F6009232D2 /* Release */,
			);
			defaultConfigurationIsVisible = 0;
			defaultConfigurationName = Release;
		};
		B34D68B52C5663F6009232D2 /* Build configuration list for PBXNativeTarget "EssentialFeedTests" */ = {
			isa = XCConfigurationList;
			buildConfigurations = (
				B34D68B62C5663F6009232D2 /* Debug */,
				B34D68B72C5663F6009232D2 /* Release */,
			);
			defaultConfigurationIsVisible = 0;
			defaultConfigurationName = Release;
		};
		B34D68B82C5663F6009232D2 /* Build configuration list for PBXNativeTarget "EssentialFeedUITests" */ = {
			isa = XCConfigurationList;
			buildConfigurations = (
				B34D68B92C5663F6009232D2 /* Debug */,
				B34D68BA2C5663F6009232D2 /* Release */,
			);
			defaultConfigurationIsVisible = 0;
			defaultConfigurationName = Release;
		};
		B35BCA0C2CDE40A900105FF1 /* Build configuration list for PBXNativeTarget "EssentialFeedFramework" */ = {
			isa = XCConfigurationList;
			buildConfigurations = (
				B35BCA072CDE40A900105FF1 /* Debug */,
				B35BCA082CDE40A900105FF1 /* Release */,
			);
			defaultConfigurationIsVisible = 0;
			defaultConfigurationName = Release;
		};
		B3920CFF2C9DBD320059A54E /* Build configuration list for PBXNativeTarget "EssentialFeedAPIEndToEndTests" */ = {
			isa = XCConfigurationList;
			buildConfigurations = (
				B3920D002C9DBD320059A54E /* Debug */,
				B3920D012C9DBD320059A54E /* Release */,
			);
			defaultConfigurationIsVisible = 0;
			defaultConfigurationName = Release;
		};
		B3A4F3B92DA050BD00FA35DC /* Build configuration list for PBXNativeTarget "EssentialFeediOS" */ = {
			isa = XCConfigurationList;
			buildConfigurations = (
				B3A4F3BA2DA050BD00FA35DC /* Debug */,
				B3A4F3BB2DA050BD00FA35DC /* Release */,
			);
			defaultConfigurationIsVisible = 0;
			defaultConfigurationName = Release;
		};
		B3A4F3BC2DA050BD00FA35DC /* Build configuration list for PBXNativeTarget "EssentialFeediOSTests" */ = {
			isa = XCConfigurationList;
			buildConfigurations = (
				B3A4F3BD2DA050BD00FA35DC /* Debug */,
				B3A4F3BE2DA050BD00FA35DC /* Release */,
			);
			defaultConfigurationIsVisible = 0;
			defaultConfigurationName = Release;
		};
/* End XCConfigurationList section */
	};
	rootObject = B34D68852C5663F5009232D2 /* Project object */;
}
