// !$*UTF8*$!
{
	archiveVersion = 1;
	classes = {
	};
	objectVersion = 56;
	objects = {

/* Begin PBXBuildFile section */
		B332D8332C81F715004B38D1 /* HTTPClient.swift in Sources */ = {isa = PBXBuildFile; fileRef = B332D8322C81F715004B38D1 /* HTTPClient.swift */; };
		B332D8352C81F778004B38D1 /* FeedItemsMapper.swift in Sources */ = {isa = PBXBuildFile; fileRef = B332D8342C81F778004B38D1 /* FeedItemsMapper.swift */; };
		B332D8382C85D203004B38D1 /* URLSessionHTTPClientTests.swift in Sources */ = {isa = PBXBuildFile; fileRef = B332D8372C85D203004B38D1 /* URLSessionHTTPClientTests.swift */; };
		B34D68912C5663F5009232D2 /* EssentialFeedApp.swift in Sources */ = {isa = PBXBuildFile; fileRef = B34D68902C5663F5009232D2 /* EssentialFeedApp.swift */; };
		B34D68932C5663F5009232D2 /* ContentView.swift in Sources */ = {isa = PBXBuildFile; fileRef = B34D68922C5663F5009232D2 /* ContentView.swift */; };
		B34D68952C5663F6009232D2 /* Assets.xcassets in Resources */ = {isa = PBXBuildFile; fileRef = B34D68942C5663F6009232D2 /* Assets.xcassets */; };
		B34D68982C5663F6009232D2 /* Preview Assets.xcassets in Resources */ = {isa = PBXBuildFile; fileRef = B34D68972C5663F6009232D2 /* Preview Assets.xcassets */; };
		B34D68A32C5663F6009232D2 /* EssentialFeedTests.swift in Sources */ = {isa = PBXBuildFile; fileRef = B34D68A22C5663F6009232D2 /* EssentialFeedTests.swift */; };
		B34D68AD2C5663F6009232D2 /* EssentialFeedUITests.swift in Sources */ = {isa = PBXBuildFile; fileRef = B34D68AC2C5663F6009232D2 /* EssentialFeedUITests.swift */; };
		B34D68AF2C5663F6009232D2 /* EssentialFeedUITestsLaunchTests.swift in Sources */ = {isa = PBXBuildFile; fileRef = B34D68AE2C5663F6009232D2 /* EssentialFeedUITestsLaunchTests.swift */; };
		B34D68BE2C5664E4009232D2 /* Unit Tests.xctestplan in Resources */ = {isa = PBXBuildFile; fileRef = B34D68BD2C5664E4009232D2 /* Unit Tests.xctestplan */; };
		B3920CF12C99C6370059A54E /* XCTestCase+MemoryLeakTracking.swift in Sources */ = {isa = PBXBuildFile; fileRef = B3920CF02C99C6370059A54E /* XCTestCase+MemoryLeakTracking.swift */; };
		B3EFC7B32C622F0B002FE031 /* FeedItem.swift in Sources */ = {isa = PBXBuildFile; fileRef = B3EFC7B22C622F0B002FE031 /* FeedItem.swift */; };
		B3EFC7B52C622FEF002FE031 /* FeedLoader.swift in Sources */ = {isa = PBXBuildFile; fileRef = B3EFC7B42C622FEF002FE031 /* FeedLoader.swift */; };
		B3EFC7B82C62459E002FE031 /* RemoteFeedLoaderTests.swift in Sources */ = {isa = PBXBuildFile; fileRef = B3EFC7B72C62459E002FE031 /* RemoteFeedLoaderTests.swift */; };
		B3EFC8662C6CF790002FE031 /* RemoteFeedLoader.swift in Sources */ = {isa = PBXBuildFile; fileRef = B3EFC8652C6CF790002FE031 /* RemoteFeedLoader.swift */; };
/* End PBXBuildFile section */

/* Begin PBXContainerItemProxy section */
		B34D689F2C5663F6009232D2 /* PBXContainerItemProxy */ = {
			isa = PBXContainerItemProxy;
			containerPortal = B34D68852C5663F5009232D2 /* Project object */;
			proxyType = 1;
			remoteGlobalIDString = B34D688C2C5663F5009232D2;
			remoteInfo = EssentialFeed;
		};
		B34D68A92C5663F6009232D2 /* PBXContainerItemProxy */ = {
			isa = PBXContainerItemProxy;
			containerPortal = B34D68852C5663F5009232D2 /* Project object */;
			proxyType = 1;
			remoteGlobalIDString = B34D688C2C5663F5009232D2;
			remoteInfo = EssentialFeed;
		};
/* End PBXContainerItemProxy section */

/* Begin PBXFileReference section */
		B332D8322C81F715004B38D1 /* HTTPClient.swift */ = {isa = PBXFileReference; lastKnownFileType = sourcecode.swift; path = HTTPClient.swift; sourceTree = "<group>"; };
		B332D8342C81F778004B38D1 /* FeedItemsMapper.swift */ = {isa = PBXFileReference; lastKnownFileType = sourcecode.swift; path = FeedItemsMapper.swift; sourceTree = "<group>"; };
		B332D8372C85D203004B38D1 /* URLSessionHTTPClientTests.swift */ = {isa = PBXFileReference; lastKnownFileType = sourcecode.swift; path = URLSessionHTTPClientTests.swift; sourceTree = "<group>"; };
		B34D688D2C5663F5009232D2 /* EssentialFeed.app */ = {isa = PBXFileReference; explicitFileType = wrapper.application; includeInIndex = 0; path = EssentialFeed.app; sourceTree = BUILT_PRODUCTS_DIR; };
		B34D68902C5663F5009232D2 /* EssentialFeedApp.swift */ = {isa = PBXFileReference; lastKnownFileType = sourcecode.swift; path = EssentialFeedApp.swift; sourceTree = "<group>"; };
		B34D68922C5663F5009232D2 /* ContentView.swift */ = {isa = PBXFileReference; lastKnownFileType = sourcecode.swift; path = ContentView.swift; sourceTree = "<group>"; };
		B34D68942C5663F6009232D2 /* Assets.xcassets */ = {isa = PBXFileReference; lastKnownFileType = folder.assetcatalog; path = Assets.xcassets; sourceTree = "<group>"; };
		B34D68972C5663F6009232D2 /* Preview Assets.xcassets */ = {isa = PBXFileReference; lastKnownFileType = folder.assetcatalog; path = "Preview Assets.xcassets"; sourceTree = "<group>"; };
		B34D68992C5663F6009232D2 /* EssentialFeed.entitlements */ = {isa = PBXFileReference; lastKnownFileType = text.plist.entitlements; path = EssentialFeed.entitlements; sourceTree = "<group>"; };
		B34D689E2C5663F6009232D2 /* EssentialFeedTests.xctest */ = {isa = PBXFileReference; explicitFileType = wrapper.cfbundle; includeInIndex = 0; path = EssentialFeedTests.xctest; sourceTree = BUILT_PRODUCTS_DIR; };
		B34D68A22C5663F6009232D2 /* EssentialFeedTests.swift */ = {isa = PBXFileReference; lastKnownFileType = sourcecode.swift; path = EssentialFeedTests.swift; sourceTree = "<group>"; };
		B34D68A82C5663F6009232D2 /* EssentialFeedUITests.xctest */ = {isa = PBXFileReference; explicitFileType = wrapper.cfbundle; includeInIndex = 0; path = EssentialFeedUITests.xctest; sourceTree = BUILT_PRODUCTS_DIR; };
		B34D68AC2C5663F6009232D2 /* EssentialFeedUITests.swift */ = {isa = PBXFileReference; lastKnownFileType = sourcecode.swift; path = EssentialFeedUITests.swift; sourceTree = "<group>"; };
		B34D68AE2C5663F6009232D2 /* EssentialFeedUITestsLaunchTests.swift */ = {isa = PBXFileReference; lastKnownFileType = sourcecode.swift; path = EssentialFeedUITestsLaunchTests.swift; sourceTree = "<group>"; };
		B34D68BD2C5664E4009232D2 /* Unit Tests.xctestplan */ = {isa = PBXFileReference; fileEncoding = 4; lastKnownFileType = text; name = "Unit Tests.xctestplan"; path = "EssentialFeedTestPlans/Unit Tests.xctestplan"; sourceTree = SOURCE_ROOT; };
		B34D68BF2C5664F5009232D2 /* Performance Tests.xctestplan */ = {isa = PBXFileReference; lastKnownFileType = text; name = "Performance Tests.xctestplan"; path = "EssentialFeedTestPlans/Performance Tests.xctestplan"; sourceTree = SOURCE_ROOT; };
		B3920CF02C99C6370059A54E /* XCTestCase+MemoryLeakTracking.swift */ = {isa = PBXFileReference; lastKnownFileType = sourcecode.swift; path = "XCTestCase+MemoryLeakTracking.swift"; sourceTree = "<group>"; };
		B3EFC7B22C622F0B002FE031 /* FeedItem.swift */ = {isa = PBXFileReference; lastKnownFileType = sourcecode.swift; path = FeedItem.swift; sourceTree = "<group>"; };
		B3EFC7B42C622FEF002FE031 /* FeedLoader.swift */ = {isa = PBXFileReference; lastKnownFileType = sourcecode.swift; path = FeedLoader.swift; sourceTree = "<group>"; };
		B3EFC7B72C62459E002FE031 /* RemoteFeedLoaderTests.swift */ = {isa = PBXFileReference; lastKnownFileType = sourcecode.swift; path = RemoteFeedLoaderTests.swift; sourceTree = "<group>"; };
		B3EFC8652C6CF790002FE031 /* RemoteFeedLoader.swift */ = {isa = PBXFileReference; lastKnownFileType = sourcecode.swift; path = RemoteFeedLoader.swift; sourceTree = "<group>"; };
/* End PBXFileReference section */

/* Begin PBXFrameworksBuildPhase section */
		B34D688A2C5663F5009232D2 /* Frameworks */ = {
			isa = PBXFrameworksBuildPhase;
			buildActionMask = 2147483647;
			files = (
			);
			runOnlyForDeploymentPostprocessing = 0;
		};
		B34D689B2C5663F6009232D2 /* Frameworks */ = {
			isa = PBXFrameworksBuildPhase;
			buildActionMask = 2147483647;
			files = (
			);
			runOnlyForDeploymentPostprocessing = 0;
		};
		B34D68A52C5663F6009232D2 /* Frameworks */ = {
			isa = PBXFrameworksBuildPhase;
			buildActionMask = 2147483647;
			files = (
			);
			runOnlyForDeploymentPostprocessing = 0;
		};
/* End PBXFrameworksBuildPhase section */

/* Begin PBXGroup section */
		B332D8312C81F6F6004B38D1 /* Feed API */ = {
			isa = PBXGroup;
			children = (
				B3EFC8652C6CF790002FE031 /* RemoteFeedLoader.swift */,
				B332D8322C81F715004B38D1 /* HTTPClient.swift */,
				B332D8342C81F778004B38D1 /* FeedItemsMapper.swift */,
			);
			path = "Feed API";
			sourceTree = "<group>";
		};
		B332D8362C82023D004B38D1 /* Feed API */ = {
			isa = PBXGroup;
			children = (
				B3920CEF2C99C5FB0059A54E /* Helpers */,
				B3EFC7B72C62459E002FE031 /* RemoteFeedLoaderTests.swift */,
				B332D8372C85D203004B38D1 /* URLSessionHTTPClientTests.swift */,
			);
			path = "Feed API";
			sourceTree = "<group>";
		};
		B34D68842C5663F5009232D2 = {
			isa = PBXGroup;
			children = (
				B34D688F2C5663F5009232D2 /* EssentialFeed */,
				B332D8312C81F6F6004B38D1 /* Feed API */,
				B34D68C52C59105C009232D2 /* EssentialFeedTestPlans */,
				B34D68A12C5663F6009232D2 /* EssentialFeedTests */,
				B34D68AB2C5663F6009232D2 /* EssentialFeedUITests */,
				B34D688E2C5663F5009232D2 /* Products */,
			);
			sourceTree = "<group>";
		};
		B34D688E2C5663F5009232D2 /* Products */ = {
			isa = PBXGroup;
			children = (
				B34D688D2C5663F5009232D2 /* EssentialFeed.app */,
				B34D689E2C5663F6009232D2 /* EssentialFeedTests.xctest */,
				B34D68A82C5663F6009232D2 /* EssentialFeedUITests.xctest */,
			);
			name = Products;
			sourceTree = "<group>";
		};
		B34D688F2C5663F5009232D2 /* EssentialFeed */ = {
			isa = PBXGroup;
			children = (
				B34D68902C5663F5009232D2 /* EssentialFeedApp.swift */,
				B34D68922C5663F5009232D2 /* ContentView.swift */,
				B34D68942C5663F6009232D2 /* Assets.xcassets */,
				B34D68992C5663F6009232D2 /* EssentialFeed.entitlements */,
				B34D68962C5663F6009232D2 /* Preview Content */,
				B3EFC7B62C6230F7002FE031 /* FeedFeature */,
			);
			path = EssentialFeed;
			sourceTree = "<group>";
		};
		B34D68962C5663F6009232D2 /* Preview Content */ = {
			isa = PBXGroup;
			children = (
				B34D68972C5663F6009232D2 /* Preview Assets.xcassets */,
			);
			path = "Preview Content";
			sourceTree = "<group>";
		};
		B34D68A12C5663F6009232D2 /* EssentialFeedTests */ = {
			isa = PBXGroup;
			children = (
				B332D8362C82023D004B38D1 /* Feed API */,
				B34D68A22C5663F6009232D2 /* EssentialFeedTests.swift */,
			);
			path = EssentialFeedTests;
			sourceTree = "<group>";
		};
		B34D68AB2C5663F6009232D2 /* EssentialFeedUITests */ = {
			isa = PBXGroup;
			children = (
				B34D68AC2C5663F6009232D2 /* EssentialFeedUITests.swift */,
				B34D68AE2C5663F6009232D2 /* EssentialFeedUITestsLaunchTests.swift */,
			);
			path = EssentialFeedUITests;
			sourceTree = "<group>";
		};
		B34D68C52C59105C009232D2 /* EssentialFeedTestPlans */ = {
			isa = PBXGroup;
			children = (
				B34D68BD2C5664E4009232D2 /* Unit Tests.xctestplan */,
				B34D68BF2C5664F5009232D2 /* Performance Tests.xctestplan */,
			);
			path = EssentialFeedTestPlans;
			sourceTree = "<group>";
		};
		B3920CEF2C99C5FB0059A54E /* Helpers */ = {
			isa = PBXGroup;
			children = (
				B3920CF02C99C6370059A54E /* XCTestCase+MemoryLeakTracking.swift */,
			);
			path = Helpers;
			sourceTree = "<group>";
		};
		B3EFC7B62C6230F7002FE031 /* FeedFeature */ = {
			isa = PBXGroup;
			children = (
				B3EFC7B22C622F0B002FE031 /* FeedItem.swift */,
				B3EFC7B42C622FEF002FE031 /* FeedLoader.swift */,
			);
			path = FeedFeature;
			sourceTree = "<group>";
		};
/* End PBXGroup section */

/* Begin PBXNativeTarget section */
		B34D688C2C5663F5009232D2 /* EssentialFeed */ = {
			isa = PBXNativeTarget;
			buildConfigurationList = B34D68B22C5663F6009232D2 /* Build configuration list for PBXNativeTarget "EssentialFeed" */;
			buildPhases = (
				B34D68892C5663F5009232D2 /* Sources */,
				B34D688A2C5663F5009232D2 /* Frameworks */,
				B34D688B2C5663F5009232D2 /* Resources */,
			);
			buildRules = (
			);
			dependencies = (
			);
			name = EssentialFeed;
			productName = EssentialFeed;
			productReference = B34D688D2C5663F5009232D2 /* EssentialFeed.app */;
			productType = "com.apple.product-type.application";
		};
		B34D689D2C5663F6009232D2 /* EssentialFeedTests */ = {
			isa = PBXNativeTarget;
			buildConfigurationList = B34D68B52C5663F6009232D2 /* Build configuration list for PBXNativeTarget "EssentialFeedTests" */;
			buildPhases = (
				B34D689A2C5663F6009232D2 /* Sources */,
				B34D689B2C5663F6009232D2 /* Frameworks */,
				B34D689C2C5663F6009232D2 /* Resources */,
			);
			buildRules = (
			);
			dependencies = (
				B34D68A02C5663F6009232D2 /* PBXTargetDependency */,
			);
			name = EssentialFeedTests;
			productName = EssentialFeedTests;
			productReference = B34D689E2C5663F6009232D2 /* EssentialFeedTests.xctest */;
			productType = "com.apple.product-type.bundle.unit-test";
		};
		B34D68A72C5663F6009232D2 /* EssentialFeedUITests */ = {
			isa = PBXNativeTarget;
			buildConfigurationList = B34D68B82C5663F6009232D2 /* Build configuration list for PBXNativeTarget "EssentialFeedUITests" */;
			buildPhases = (
				B34D68A42C5663F6009232D2 /* Sources */,
				B34D68A52C5663F6009232D2 /* Frameworks */,
				B34D68A62C5663F6009232D2 /* Resources */,
			);
			buildRules = (
			);
			dependencies = (
				B34D68AA2C5663F6009232D2 /* PBXTargetDependency */,
			);
			name = EssentialFeedUITests;
			productName = EssentialFeedUITests;
			productReference = B34D68A82C5663F6009232D2 /* EssentialFeedUITests.xctest */;
			productType = "com.apple.product-type.bundle.ui-testing";
		};
/* End PBXNativeTarget section */

/* Begin PBXProject section */
		B34D68852C5663F5009232D2 /* Project object */ = {
			isa = PBXProject;
			attributes = {
				BuildIndependentTargetsInParallel = 1;
				LastSwiftUpdateCheck = 1540;
				LastUpgradeCheck = 1540;
				TargetAttributes = {
					B34D688C2C5663F5009232D2 = {
						CreatedOnToolsVersion = 15.4;
					};
					B34D689D2C5663F6009232D2 = {
						CreatedOnToolsVersion = 15.4;
						TestTargetID = B34D688C2C5663F5009232D2;
					};
					B34D68A72C5663F6009232D2 = {
						CreatedOnToolsVersion = 15.4;
						TestTargetID = B34D688C2C5663F5009232D2;
					};
				};
			};
			buildConfigurationList = B34D68882C5663F5009232D2 /* Build configuration list for PBXProject "EssentialFeed" */;
			compatibilityVersion = "Xcode 14.0";
			developmentRegion = en;
			hasScannedForEncodings = 0;
			knownRegions = (
				en,
				Base,
			);
			mainGroup = B34D68842C5663F5009232D2;
			productRefGroup = B34D688E2C5663F5009232D2 /* Products */;
			projectDirPath = "";
			projectRoot = "";
			targets = (
				B34D688C2C5663F5009232D2 /* EssentialFeed */,
				B34D689D2C5663F6009232D2 /* EssentialFeedTests */,
				B34D68A72C5663F6009232D2 /* EssentialFeedUITests */,
			);
		};
/* End PBXProject section */

/* Begin PBXResourcesBuildPhase section */
		B34D688B2C5663F5009232D2 /* Resources */ = {
			isa = PBXResourcesBuildPhase;
			buildActionMask = 2147483647;
			files = (
				B34D68BE2C5664E4009232D2 /* Unit Tests.xctestplan in Resources */,
				B34D68982C5663F6009232D2 /* Preview Assets.xcassets in Resources */,
				B34D68952C5663F6009232D2 /* Assets.xcassets in Resources */,
			);
			runOnlyForDeploymentPostprocessing = 0;
		};
		B34D689C2C5663F6009232D2 /* Resources */ = {
			isa = PBXResourcesBuildPhase;
			buildActionMask = 2147483647;
			files = (
			);
			runOnlyForDeploymentPostprocessing = 0;
		};
		B34D68A62C5663F6009232D2 /* Resources */ = {
			isa = PBXResourcesBuildPhase;
			buildActionMask = 2147483647;
			files = (
			);
			runOnlyForDeploymentPostprocessing = 0;
		};
/* End PBXResourcesBuildPhase section */

/* Begin PBXSourcesBuildPhase section */
		B34D68892C5663F5009232D2 /* Sources */ = {
			isa = PBXSourcesBuildPhase;
			buildActionMask = 2147483647;
			files = (
				B34D68932C5663F5009232D2 /* ContentView.swift in Sources */,
				B34D68912C5663F5009232D2 /* EssentialFeedApp.swift in Sources */,
				B332D8332C81F715004B38D1 /* HTTPClient.swift in Sources */,
				B332D8352C81F778004B38D1 /* FeedItemsMapper.swift in Sources */,
				B3EFC7B52C622FEF002FE031 /* FeedLoader.swift in Sources */,
				B3EFC8662C6CF790002FE031 /* RemoteFeedLoader.swift in Sources */,
				B3EFC7B32C622F0B002FE031 /* FeedItem.swift in Sources */,
			);
			runOnlyForDeploymentPostprocessing = 0;
		};
		B34D689A2C5663F6009232D2 /* Sources */ = {
			isa = PBXSourcesBuildPhase;
			buildActionMask = 2147483647;
			files = (
				B3EFC7B82C62459E002FE031 /* RemoteFeedLoaderTests.swift in Sources */,
				B3920CF12C99C6370059A54E /* XCTestCase+MemoryLeakTracking.swift in Sources */,
				B332D8382C85D203004B38D1 /* URLSessionHTTPClientTests.swift in Sources */,
				B34D68A32C5663F6009232D2 /* EssentialFeedTests.swift in Sources */,
			);
			runOnlyForDeploymentPostprocessing = 0;
		};
		B34D68A42C5663F6009232D2 /* Sources */ = {
			isa = PBXSourcesBuildPhase;
			buildActionMask = 2147483647;
			files = (
				B34D68AD2C5663F6009232D2 /* EssentialFeedUITests.swift in Sources */,
				B34D68AF2C5663F6009232D2 /* EssentialFeedUITestsLaunchTests.swift in Sources */,
			);
			runOnlyForDeploymentPostprocessing = 0;
		};
/* End PBXSourcesBuildPhase section */

/* Begin PBXTargetDependency section */
		B34D68A02C5663F6009232D2 /* PBXTargetDependency */ = {
			isa = PBXTargetDependency;
			target = B34D688C2C5663F5009232D2 /* EssentialFeed */;
			targetProxy = B34D689F2C5663F6009232D2 /* PBXContainerItemProxy */;
		};
		B34D68AA2C5663F6009232D2 /* PBXTargetDependency */ = {
			isa = PBXTargetDependency;
			target = B34D688C2C5663F5009232D2 /* EssentialFeed */;
			targetProxy = B34D68A92C5663F6009232D2 /* PBXContainerItemProxy */;
		};
/* End PBXTargetDependency section */

/* Begin XCBuildConfiguration section */
		B34D68B02C5663F6009232D2 /* Debug */ = {
			isa = XCBuildConfiguration;
			buildSettings = {
				ALWAYS_SEARCH_USER_PATHS = NO;
				ASSETCATALOG_COMPILER_GENERATE_SWIFT_ASSET_SYMBOL_EXTENSIONS = YES;
				CLANG_ANALYZER_NONNULL = YES;
				CLANG_ANALYZER_NUMBER_OBJECT_CONVERSION = YES_AGGRESSIVE;
				CLANG_CXX_LANGUAGE_STANDARD = "gnu++20";
				CLANG_ENABLE_MODULES = YES;
				CLANG_ENABLE_OBJC_ARC = YES;
				CLANG_ENABLE_OBJC_WEAK = YES;
				CLANG_WARN_BLOCK_CAPTURE_AUTORELEASING = YES;
				CLANG_WARN_BOOL_CONVERSION = YES;
				CLANG_WARN_COMMA = YES;
				CLANG_WARN_CONSTANT_CONVERSION = YES;
				CLANG_WARN_DEPRECATED_OBJC_IMPLEMENTATIONS = YES;
				CLANG_WARN_DIRECT_OBJC_ISA_USAGE = YES_ERROR;
				CLANG_WARN_DOCUMENTATION_COMMENTS = YES;
				CLANG_WARN_EMPTY_BODY = YES;
				CLANG_WARN_ENUM_CONVERSION = YES;
				CLANG_WARN_INFINITE_RECURSION = YES;
				CLANG_WARN_INT_CONVERSION = YES;
				CLANG_WARN_NON_LITERAL_NULL_CONVERSION = YES;
				CLANG_WARN_OBJC_IMPLICIT_RETAIN_SELF = YES;
				CLANG_WARN_OBJC_LITERAL_CONVERSION = YES;
				CLANG_WARN_OBJC_ROOT_CLASS = YES_ERROR;
				CLANG_WARN_QUOTED_INCLUDE_IN_FRAMEWORK_HEADER = YES;
				CLANG_WARN_RANGE_LOOP_ANALYSIS = YES;
				CLANG_WARN_STRICT_PROTOTYPES = YES;
				CLANG_WARN_SUSPICIOUS_MOVE = YES;
				CLANG_WARN_UNGUARDED_AVAILABILITY = YES_AGGRESSIVE;
				CLANG_WARN_UNREACHABLE_CODE = YES;
				CLANG_WARN__DUPLICATE_METHOD_MATCH = YES;
				COPY_PHASE_STRIP = NO;
				DEBUG_INFORMATION_FORMAT = dwarf;
				ENABLE_STRICT_OBJC_MSGSEND = YES;
				ENABLE_TESTABILITY = YES;
				ENABLE_USER_SCRIPT_SANDBOXING = YES;
				GCC_C_LANGUAGE_STANDARD = gnu17;
				GCC_DYNAMIC_NO_PIC = NO;
				GCC_NO_COMMON_BLOCKS = YES;
				GCC_OPTIMIZATION_LEVEL = 0;
				GCC_PREPROCESSOR_DEFINITIONS = (
					"DEBUG=1",
					"$(inherited)",
				);
				GCC_WARN_64_TO_32_BIT_CONVERSION = YES;
				GCC_WARN_ABOUT_RETURN_TYPE = YES_ERROR;
				GCC_WARN_UNDECLARED_SELECTOR = YES;
				GCC_WARN_UNINITIALIZED_AUTOS = YES_AGGRESSIVE;
				GCC_WARN_UNUSED_FUNCTION = YES;
				GCC_WARN_UNUSED_VARIABLE = YES;
				LOCALIZATION_PREFERS_STRING_CATALOGS = YES;
				MACOSX_DEPLOYMENT_TARGET = 14.5;
				MTL_ENABLE_DEBUG_INFO = INCLUDE_SOURCE;
				MTL_FAST_MATH = YES;
				ONLY_ACTIVE_ARCH = YES;
				SDKROOT = macosx;
				SWIFT_ACTIVE_COMPILATION_CONDITIONS = "DEBUG $(inherited)";
				SWIFT_OPTIMIZATION_LEVEL = "-Onone";
			};
			name = Debug;
		};
		B34D68B12C5663F6009232D2 /* Release */ = {
			isa = XCBuildConfiguration;
			buildSettings = {
				ALWAYS_SEARCH_USER_PATHS = NO;
				ASSETCATALOG_COMPILER_GENERATE_SWIFT_ASSET_SYMBOL_EXTENSIONS = YES;
				CLANG_ANALYZER_NONNULL = YES;
				CLANG_ANALYZER_NUMBER_OBJECT_CONVERSION = YES_AGGRESSIVE;
				CLANG_CXX_LANGUAGE_STANDARD = "gnu++20";
				CLANG_ENABLE_MODULES = YES;
				CLANG_ENABLE_OBJC_ARC = YES;
				CLANG_ENABLE_OBJC_WEAK = YES;
				CLANG_WARN_BLOCK_CAPTURE_AUTORELEASING = YES;
				CLANG_WARN_BOOL_CONVERSION = YES;
				CLANG_WARN_COMMA = YES;
				CLANG_WARN_CONSTANT_CONVERSION = YES;
				CLANG_WARN_DEPRECATED_OBJC_IMPLEMENTATIONS = YES;
				CLANG_WARN_DIRECT_OBJC_ISA_USAGE = YES_ERROR;
				CLANG_WARN_DOCUMENTATION_COMMENTS = YES;
				CLANG_WARN_EMPTY_BODY = YES;
				CLANG_WARN_ENUM_CONVERSION = YES;
				CLANG_WARN_INFINITE_RECURSION = YES;
				CLANG_WARN_INT_CONVERSION = YES;
				CLANG_WARN_NON_LITERAL_NULL_CONVERSION = YES;
				CLANG_WARN_OBJC_IMPLICIT_RETAIN_SELF = YES;
				CLANG_WARN_OBJC_LITERAL_CONVERSION = YES;
				CLANG_WARN_OBJC_ROOT_CLASS = YES_ERROR;
				CLANG_WARN_QUOTED_INCLUDE_IN_FRAMEWORK_HEADER = YES;
				CLANG_WARN_RANGE_LOOP_ANALYSIS = YES;
				CLANG_WARN_STRICT_PROTOTYPES = YES;
				CLANG_WARN_SUSPICIOUS_MOVE = YES;
				CLANG_WARN_UNGUARDED_AVAILABILITY = YES_AGGRESSIVE;
				CLANG_WARN_UNREACHABLE_CODE = YES;
				CLANG_WARN__DUPLICATE_METHOD_MATCH = YES;
				COPY_PHASE_STRIP = NO;
				DEBUG_INFORMATION_FORMAT = "dwarf-with-dsym";
				ENABLE_NS_ASSERTIONS = NO;
				ENABLE_STRICT_OBJC_MSGSEND = YES;
				ENABLE_USER_SCRIPT_SANDBOXING = YES;
				GCC_C_LANGUAGE_STANDARD = gnu17;
				GCC_NO_COMMON_BLOCKS = YES;
				GCC_WARN_64_TO_32_BIT_CONVERSION = YES;
				GCC_WARN_ABOUT_RETURN_TYPE = YES_ERROR;
				GCC_WARN_UNDECLARED_SELECTOR = YES;
				GCC_WARN_UNINITIALIZED_AUTOS = YES_AGGRESSIVE;
				GCC_WARN_UNUSED_FUNCTION = YES;
				GCC_WARN_UNUSED_VARIABLE = YES;
				LOCALIZATION_PREFERS_STRING_CATALOGS = YES;
				MACOSX_DEPLOYMENT_TARGET = 14.5;
				MTL_ENABLE_DEBUG_INFO = NO;
				MTL_FAST_MATH = YES;
				SDKROOT = macosx;
				SWIFT_COMPILATION_MODE = wholemodule;
			};
			name = Release;
		};
		B34D68B32C5663F6009232D2 /* Debug */ = {
			isa = XCBuildConfiguration;
			buildSettings = {
				ASSETCATALOG_COMPILER_APPICON_NAME = AppIcon;
				ASSETCATALOG_COMPILER_GLOBAL_ACCENT_COLOR_NAME = AccentColor;
				CODE_SIGN_ENTITLEMENTS = EssentialFeed/EssentialFeed.entitlements;
				CODE_SIGN_STYLE = Automatic;
				COMBINE_HIDPI_IMAGES = YES;
				CURRENT_PROJECT_VERSION = 1;
				DEVELOPMENT_ASSET_PATHS = "\"EssentialFeed/Preview Content\"";
				DEVELOPMENT_TEAM = QQ88G577XH;
				ENABLE_HARDENED_RUNTIME = YES;
				ENABLE_PREVIEWS = YES;
				GENERATE_INFOPLIST_FILE = YES;
				INFOPLIST_KEY_NSHumanReadableCopyright = "";
				LD_RUNPATH_SEARCH_PATHS = (
					"$(inherited)",
					"@executable_path/../Frameworks",
				);
				MARKETING_VERSION = 1.0;
				PRODUCT_BUNDLE_IDENTIFIER = com.InnaCh.EssentialFeed;
				PRODUCT_NAME = "$(TARGET_NAME)";
				SWIFT_EMIT_LOC_STRINGS = YES;
				SWIFT_VERSION = 5.0;
			};
			name = Debug;
		};
		B34D68B42C5663F6009232D2 /* Release */ = {
			isa = XCBuildConfiguration;
			buildSettings = {
				ASSETCATALOG_COMPILER_APPICON_NAME = AppIcon;
				ASSETCATALOG_COMPILER_GLOBAL_ACCENT_COLOR_NAME = AccentColor;
				CODE_SIGN_ENTITLEMENTS = EssentialFeed/EssentialFeed.entitlements;
				CODE_SIGN_STYLE = Automatic;
				COMBINE_HIDPI_IMAGES = YES;
				CURRENT_PROJECT_VERSION = 1;
				DEVELOPMENT_ASSET_PATHS = "\"EssentialFeed/Preview Content\"";
				DEVELOPMENT_TEAM = QQ88G577XH;
				ENABLE_HARDENED_RUNTIME = YES;
				ENABLE_PREVIEWS = YES;
				GENERATE_INFOPLIST_FILE = YES;
				INFOPLIST_KEY_NSHumanReadableCopyright = "";
				LD_RUNPATH_SEARCH_PATHS = (
					"$(inherited)",
					"@executable_path/../Frameworks",
				);
				MARKETING_VERSION = 1.0;
				PRODUCT_BUNDLE_IDENTIFIER = com.InnaCh.EssentialFeed;
				PRODUCT_NAME = "$(TARGET_NAME)";
				SWIFT_EMIT_LOC_STRINGS = YES;
				SWIFT_VERSION = 5.0;
			};
			name = Release;
		};
		B34D68B62C5663F6009232D2 /* Debug */ = {
			isa = XCBuildConfiguration;
			buildSettings = {
				ALWAYS_EMBED_SWIFT_STANDARD_LIBRARIES = YES;
				BUNDLE_LOADER = "$(TEST_HOST)";
				CODE_SIGN_STYLE = Automatic;
				CURRENT_PROJECT_VERSION = 1;
				DEVELOPMENT_TEAM = QQ88G577XH;
				GENERATE_INFOPLIST_FILE = YES;
				MACOSX_DEPLOYMENT_TARGET = 14.5;
				MARKETING_VERSION = 1.0;
				PRODUCT_BUNDLE_IDENTIFIER = com.InnaCh.EssentialFeedTests;
				PRODUCT_NAME = "$(TARGET_NAME)";
				SWIFT_EMIT_LOC_STRINGS = NO;
				SWIFT_VERSION = 5.0;
				TEST_HOST = "$(BUILT_PRODUCTS_DIR)/EssentialFeed.app/$(BUNDLE_EXECUTABLE_FOLDER_PATH)/EssentialFeed";
			};
			name = Debug;
		};
		B34D68B72C5663F6009232D2 /* Release */ = {
			isa = XCBuildConfiguration;
			buildSettings = {
				ALWAYS_EMBED_SWIFT_STANDARD_LIBRARIES = YES;
				BUNDLE_LOADER = "$(TEST_HOST)";
				CODE_SIGN_STYLE = Automatic;
				CURRENT_PROJECT_VERSION = 1;
				DEVELOPMENT_TEAM = QQ88G577XH;
				GENERATE_INFOPLIST_FILE = YES;
				MACOSX_DEPLOYMENT_TARGET = 14.5;
				MARKETING_VERSION = 1.0;
				PRODUCT_BUNDLE_IDENTIFIER = com.InnaCh.EssentialFeedTests;
				PRODUCT_NAME = "$(TARGET_NAME)";
				SWIFT_EMIT_LOC_STRINGS = NO;
				SWIFT_VERSION = 5.0;
				TEST_HOST = "$(BUILT_PRODUCTS_DIR)/EssentialFeed.app/$(BUNDLE_EXECUTABLE_FOLDER_PATH)/EssentialFeed";
			};
			name = Release;
		};
		B34D68B92C5663F6009232D2 /* Debug */ = {
			isa = XCBuildConfiguration;
			buildSettings = {
				ALWAYS_EMBED_SWIFT_STANDARD_LIBRARIES = YES;
				CODE_SIGN_STYLE = Automatic;
				CURRENT_PROJECT_VERSION = 1;
				DEVELOPMENT_TEAM = QQ88G577XH;
				GENERATE_INFOPLIST_FILE = YES;
				MARKETING_VERSION = 1.0;
				PRODUCT_BUNDLE_IDENTIFIER = com.InnaCh.EssentialFeedUITests;
				PRODUCT_NAME = "$(TARGET_NAME)";
				SWIFT_EMIT_LOC_STRINGS = NO;
				SWIFT_VERSION = 5.0;
				TEST_TARGET_NAME = EssentialFeed;
			};
			name = Debug;
		};
		B34D68BA2C5663F6009232D2 /* Release */ = {
			isa = XCBuildConfiguration;
			buildSettings = {
				ALWAYS_EMBED_SWIFT_STANDARD_LIBRARIES = YES;
				CODE_SIGN_STYLE = Automatic;
				CURRENT_PROJECT_VERSION = 1;
				DEVELOPMENT_TEAM = QQ88G577XH;
				GENERATE_INFOPLIST_FILE = YES;
				MARKETING_VERSION = 1.0;
				PRODUCT_BUNDLE_IDENTIFIER = com.InnaCh.EssentialFeedUITests;
				PRODUCT_NAME = "$(TARGET_NAME)";
				SWIFT_EMIT_LOC_STRINGS = NO;
				SWIFT_VERSION = 5.0;
				TEST_TARGET_NAME = EssentialFeed;
			};
			name = Release;
		};
/* End XCBuildConfiguration section */

/* Begin XCConfigurationList section */
		B34D68882C5663F5009232D2 /* Build configuration list for PBXProject "EssentialFeed" */ = {
			isa = XCConfigurationList;
			buildConfigurations = (
				B34D68B02C5663F6009232D2 /* Debug */,
				B34D68B12C5663F6009232D2 /* Release */,
			);
			defaultConfigurationIsVisible = 0;
			defaultConfigurationName = Release;
		};
		B34D68B22C5663F6009232D2 /* Build configuration list for PBXNativeTarget "EssentialFeed" */ = {
			isa = XCConfigurationList;
			buildConfigurations = (
				B34D68B32C5663F6009232D2 /* Debug */,
				B34D68B42C5663F6009232D2 /* Release */,
			);
			defaultConfigurationIsVisible = 0;
			defaultConfigurationName = Release;
		};
		B34D68B52C5663F6009232D2 /* Build configuration list for PBXNativeTarget "EssentialFeedTests" */ = {
			isa = XCConfigurationList;
			buildConfigurations = (
				B34D68B62C5663F6009232D2 /* Debug */,
				B34D68B72C5663F6009232D2 /* Release */,
			);
			defaultConfigurationIsVisible = 0;
			defaultConfigurationName = Release;
		};
		B34D68B82C5663F6009232D2 /* Build configuration list for PBXNativeTarget "EssentialFeedUITests" */ = {
			isa = XCConfigurationList;
			buildConfigurations = (
				B34D68B92C5663F6009232D2 /* Debug */,
				B34D68BA2C5663F6009232D2 /* Release */,
			);
			defaultConfigurationIsVisible = 0;
			defaultConfigurationName = Release;
		};
/* End XCConfigurationList section */
	};
	rootObject = B34D68852C5663F5009232D2 /* Project object */;
}
